// !$*UTF8*$!
{
	archiveVersion = 1;
	classes = {
	};
	objectVersion = 56;
	objects = {

/* Begin PBXAggregateTarget section */
		T001 /* ScriviCore */ = {
			isa = PBXAggregateTarget;
			buildConfigurationList = BCL001 /* Build configuration list for PBXAggregateTarget "ScriviCore" */;
			buildPhases = (
				BP001 /* Build */,
			);
			dependencies = (
			);
			name = ScriviCore;
			productName = ScriviCore;
		};
		T002 /* ScriviCoreTests */ = {
			isa = PBXAggregateTarget;
			buildConfigurationList = BCL002 /* Build configuration list for PBXAggregateTarget "ScriviCoreTests" */;
			buildPhases = (
				BP002 /* Build and Test */,
			);
			dependencies = (
			);
			name = ScriviCoreTests;
			productName = ScriviCoreTests;
		};
/* End PBXAggregateTarget section */

/* Begin PBXFileReference section */
		86E648802FBE02E400376B3D /* ProjectCreator.hpp */ = {isa = PBXFileReference; lastKnownFileType = sourcecode.cpp.h; path = ProjectCreator.hpp; sourceTree = "<group>"; };
		86E648812FBE02E400376B3D /* ProjectCreator.cpp */ = {isa = PBXFileReference; lastKnownFileType = sourcecode.cpp.cpp; path = ProjectCreator.cpp; sourceTree = "<group>"; };
		D001 /* README.md */ = {isa = PBXFileReference; fileEncoding = 4; lastKnownFileType = net.daringfireball.markdown; name = README.md; path = docs/README.md; sourceTree = SOURCE_ROOT; };
		D002 /* Scrivi_Backend_Architecture_v0_2.md */ = {isa = PBXFileReference; fileEncoding = 4; lastKnownFileType = net.daringfireball.markdown; name = Scrivi_Backend_Architecture_v0_2.md; path = docs/Scrivi_Backend_Architecture_v0_2.md; sourceTree = SOURCE_ROOT; };
		D003 /* Scrivi_Backend_Behavior_Spec_v0_1.md */ = {isa = PBXFileReference; fileEncoding = 4; lastKnownFileType = net.daringfireball.markdown; name = Scrivi_Backend_Behavior_Spec_v0_1.md; path = docs/Scrivi_Backend_Behavior_Spec_v0_1.md; sourceTree = SOURCE_ROOT; };
		D004 /* Scrivi_Backend_MVP_Slice_v0_1.md */ = {isa = PBXFileReference; fileEncoding = 4; lastKnownFileType = net.daringfireball.markdown; name = Scrivi_Backend_MVP_Slice_v0_1.md; path = docs/Scrivi_Backend_MVP_Slice_v0_1.md; sourceTree = SOURCE_ROOT; };
		D005 /* Scrivi_Backend_Runtime_Trade_Study_v0_2.md */ = {isa = PBXFileReference; fileEncoding = 4; lastKnownFileType = net.daringfireball.markdown; name = Scrivi_Backend_Runtime_Trade_Study_v0_2.md; path = docs/Scrivi_Backend_Runtime_Trade_Study_v0_2.md; sourceTree = SOURCE_ROOT; };
		D006 /* Scrivi_Cpp24_Backend_Core_Plan_v0_1.md */ = {isa = PBXFileReference; fileEncoding = 4; lastKnownFileType = net.daringfireball.markdown; name = Scrivi_Cpp24_Backend_Core_Plan_v0_1.md; path = docs/Scrivi_Cpp24_Backend_Core_Plan_v0_1.md; sourceTree = SOURCE_ROOT; };
		D007 /* Scrivi_Cpp24_Core_API_Sketch_v0_2.md */ = {isa = PBXFileReference; fileEncoding = 4; lastKnownFileType = net.daringfireball.markdown; name = Scrivi_Cpp24_Core_API_Sketch_v0_2.md; path = docs/Scrivi_Cpp24_Core_API_Sketch_v0_2.md; sourceTree = SOURCE_ROOT; };
		D008 /* Scrivi_Cpp24_Core_Repository_Skeleton_v0_1.md */ = {isa = PBXFileReference; fileEncoding = 4; lastKnownFileType = net.daringfireball.markdown; name = Scrivi_Cpp24_Core_Repository_Skeleton_v0_1.md; path = docs/Scrivi_Cpp24_Core_Repository_Skeleton_v0_1.md; sourceTree = SOURCE_ROOT; };
		D009 /* Scrivi_DevOps_and_Build_Environment_Plan_v0_1.md */ = {isa = PBXFileReference; fileEncoding = 4; lastKnownFileType = net.daringfireball.markdown; name = Scrivi_DevOps_and_Build_Environment_Plan_v0_1.md; path = docs/Scrivi_DevOps_and_Build_Environment_Plan_v0_1.md; sourceTree = SOURCE_ROOT; };
		D010 /* Scrivi_External_Change_Repair_Matrix_v0_1.md */ = {isa = PBXFileReference; fileEncoding = 4; lastKnownFileType = net.daringfireball.markdown; name = Scrivi_External_Change_Repair_Matrix_v0_1.md; path = docs/Scrivi_External_Change_Repair_Matrix_v0_1.md; sourceTree = SOURCE_ROOT; };
		D011 /* Scrivi_Minimum_Schema_Set_v0_1.md */ = {isa = PBXFileReference; fileEncoding = 4; lastKnownFileType = net.daringfireball.markdown; name = Scrivi_Minimum_Schema_Set_v0_1.md; path = docs/Scrivi_Minimum_Schema_Set_v0_1.md; sourceTree = SOURCE_ROOT; };
		D012 /* Scrivi_Project_Creation_and_Open_Flow_v0_1.md */ = {isa = PBXFileReference; fileEncoding = 4; lastKnownFileType = net.daringfireball.markdown; name = Scrivi_Project_Creation_and_Open_Flow_v0_1.md; path = docs/Scrivi_Project_Creation_and_Open_Flow_v0_1.md; sourceTree = SOURCE_ROOT; };
		D013 /* Scrivi_Project_Package_Structure_v0_1.md */ = {isa = PBXFileReference; fileEncoding = 4; lastKnownFileType = net.daringfireball.markdown; name = Scrivi_Project_Package_Structure_v0_1.md; path = docs/Scrivi_Project_Package_Structure_v0_1.md; sourceTree = SOURCE_ROOT; };
		D020 /* Epic-active.md */ = {isa = PBXFileReference; fileEncoding = 4; lastKnownFileType = net.daringfireball.markdown; name = "Epic-active.md"; path = "docs/Epics/Epic-active.md"; sourceTree = SOURCE_ROOT; };
		D021 /* Epic-Documentation.md */ = {isa = PBXFileReference; fileEncoding = 4; lastKnownFileType = net.daringfireball.markdown; name = "Epic-Documentation.md"; path = "docs/Epics/Epic-Documentation.md"; sourceTree = SOURCE_ROOT; };
		D022 /* Epic-GUIDELINES.md */ = {isa = PBXFileReference; fileEncoding = 4; lastKnownFileType = net.daringfireball.markdown; name = "Epic-GUIDELINES.md"; path = "docs/Epics/Epic-GUIDELINES.md"; sourceTree = SOURCE_ROOT; };
		D030 /* Issue-Documentation.md */ = {isa = PBXFileReference; fileEncoding = 4; lastKnownFileType = net.daringfireball.markdown; name = "Issue-Documentation.md"; path = "docs/Issues/Issue-Documentation.md"; sourceTree = SOURCE_ROOT; };
		D031 /* Issue-GUIDELINES.md */ = {isa = PBXFileReference; fileEncoding = 4; lastKnownFileType = net.daringfireball.markdown; name = "Issue-GUIDELINES.md"; path = "docs/Issues/Issue-GUIDELINES.md"; sourceTree = SOURCE_ROOT; };
		D040 /* Sprint-active.md */ = {isa = PBXFileReference; fileEncoding = 4; lastKnownFileType = net.daringfireball.markdown; name = "Sprint-active.md"; path = "docs/Sprints/Sprint-active.md"; sourceTree = SOURCE_ROOT; };
		D041 /* Sprint-Documentation.md */ = {isa = PBXFileReference; fileEncoding = 4; lastKnownFileType = net.daringfireball.markdown; name = "Sprint-Documentation.md"; path = "docs/Sprints/Sprint-Documentation.md"; sourceTree = SOURCE_ROOT; };
		D042 /* Sprint-GUIDELINES.md */ = {isa = PBXFileReference; fileEncoding = 4; lastKnownFileType = net.daringfireball.markdown; name = "Sprint-GUIDELINES.md"; path = "docs/Sprints/Sprint-GUIDELINES.md"; sourceTree = SOURCE_ROOT; };
		D050 /* Task-active.md */ = {isa = PBXFileReference; fileEncoding = 4; lastKnownFileType = net.daringfireball.markdown; name = "Task-active.md"; path = "docs/Tasks/Task-active.md"; sourceTree = SOURCE_ROOT; };
		D051 /* Task-backlog.md */ = {isa = PBXFileReference; fileEncoding = 4; lastKnownFileType = net.daringfireball.markdown; name = "Task-backlog.md"; path = "docs/Tasks/Task-backlog.md"; sourceTree = SOURCE_ROOT; };
		D052 /* Task-Documentation.md */ = {isa = PBXFileReference; fileEncoding = 4; lastKnownFileType = net.daringfireball.markdown; name = "Task-Documentation.md"; path = "docs/Tasks/Task-Documentation.md"; sourceTree = SOURCE_ROOT; };
		D053 /* Task-Guidelines.md */ = {isa = PBXFileReference; fileEncoding = 4; lastKnownFileType = net.daringfireball.markdown; name = "Task-Guidelines.md"; path = "docs/Tasks/Task-Guidelines.md"; sourceTree = SOURCE_ROOT; };
		D054 /* Task-unverified.md */ = {isa = PBXFileReference; fileEncoding = 4; lastKnownFileType = net.daringfireball.markdown; name = "Task-unverified.md"; path = "docs/Tasks/Task-unverified.md"; sourceTree = SOURCE_ROOT; };
		F001 /* Error.hpp */ = {isa = PBXFileReference; fileEncoding = 4; lastKnownFileType = sourcecode.cpp.h; name = Error.hpp; path = ScriviCore/include/scrivi/Error.hpp; sourceTree = SOURCE_ROOT; };
		F002 /* Result.hpp */ = {isa = PBXFileReference; fileEncoding = 4; lastKnownFileType = sourcecode.cpp.h; name = Result.hpp; path = ScriviCore/include/scrivi/Result.hpp; sourceTree = SOURCE_ROOT; };
		F003 /* IDs.hpp */ = {isa = PBXFileReference; fileEncoding = 4; lastKnownFileType = sourcecode.cpp.h; name = IDs.hpp; path = ScriviCore/include/scrivi/IDs.hpp; sourceTree = SOURCE_ROOT; };
		F004 /* Types.hpp */ = {isa = PBXFileReference; fileEncoding = 4; lastKnownFileType = sourcecode.cpp.h; name = Types.hpp; path = ScriviCore/include/scrivi/Types.hpp; sourceTree = SOURCE_ROOT; };
		F005 /* RepairIssue.hpp */ = {isa = PBXFileReference; fileEncoding = 4; lastKnownFileType = sourcecode.cpp.h; name = RepairIssue.hpp; path = ScriviCore/include/scrivi/RepairIssue.hpp; sourceTree = SOURCE_ROOT; };
		F006 /* Services.hpp */ = {isa = PBXFileReference; fileEncoding = 4; lastKnownFileType = sourcecode.cpp.h; name = Services.hpp; path = ScriviCore/include/scrivi/Services.hpp; sourceTree = SOURCE_ROOT; };
		F007 /* Requests.hpp */ = {isa = PBXFileReference; fileEncoding = 4; lastKnownFileType = sourcecode.cpp.h; name = Requests.hpp; path = ScriviCore/include/scrivi/Requests.hpp; sourceTree = SOURCE_ROOT; };
		F008 /* Results.hpp */ = {isa = PBXFileReference; fileEncoding = 4; lastKnownFileType = sourcecode.cpp.h; name = Results.hpp; path = ScriviCore/include/scrivi/Results.hpp; sourceTree = SOURCE_ROOT; };
		F009 /* ScriviCore.hpp */ = {isa = PBXFileReference; fileEncoding = 4; lastKnownFileType = sourcecode.cpp.h; name = ScriviCore.hpp; path = ScriviCore/include/scrivi/ScriviCore.hpp; sourceTree = SOURCE_ROOT; };
		F010 /* ScriviCore.cpp */ = {isa = PBXFileReference; fileEncoding = 4; lastKnownFileType = sourcecode.cpp.cpp; name = ScriviCore.cpp; path = ScriviCore/src/public_api/ScriviCore.cpp; sourceTree = SOURCE_ROOT; };
		F011 /* ResultTests.cpp */ = {isa = PBXFileReference; fileEncoding = 4; lastKnownFileType = sourcecode.cpp.cpp; name = ResultTests.cpp; path = ScriviCore/tests/unit/ResultTests.cpp; sourceTree = SOURCE_ROOT; };
		F012 /* IDTests.cpp */ = {isa = PBXFileReference; fileEncoding = 4; lastKnownFileType = sourcecode.cpp.cpp; name = IDTests.cpp; path = ScriviCore/tests/unit/IDTests.cpp; sourceTree = SOURCE_ROOT; };
		F020 /* CMakeLists.txt */ = {isa = PBXFileReference; fileEncoding = 4; lastKnownFileType = text; path = CMakeLists.txt; sourceTree = SOURCE_ROOT; };
		F021 /* CMakePresets.json */ = {isa = PBXFileReference; fileEncoding = 4; lastKnownFileType = text.json; path = CMakePresets.json; sourceTree = SOURCE_ROOT; };
		F022 /* CMakeLists.txt */ = {isa = PBXFileReference; fileEncoding = 4; lastKnownFileType = text; name = CMakeLists.txt; path = ScriviCore/CMakeLists.txt; sourceTree = SOURCE_ROOT; };
		F023 /* CMakeLists.txt */ = {isa = PBXFileReference; fileEncoding = 4; lastKnownFileType = text; name = CMakeLists.txt; path = ScriviCore/tests/CMakeLists.txt; sourceTree = SOURCE_ROOT; };
		F030 /* PathUtils.hpp */ = {isa = PBXFileReference; fileEncoding = 4; lastKnownFileType = sourcecode.cpp.h; name = PathUtils.hpp; path = ScriviCore/src/util/PathUtils.hpp; sourceTree = SOURCE_ROOT; };
		F031 /* PathUtils.cpp */ = {isa = PBXFileReference; fileEncoding = 4; lastKnownFileType = sourcecode.cpp.cpp; name = PathUtils.cpp; path = ScriviCore/src/util/PathUtils.cpp; sourceTree = SOURCE_ROOT; };
		F032 /* Slug.hpp */ = {isa = PBXFileReference; fileEncoding = 4; lastKnownFileType = sourcecode.cpp.h; name = Slug.hpp; path = ScriviCore/src/util/Slug.hpp; sourceTree = SOURCE_ROOT; };
		F033 /* Slug.cpp */ = {isa = PBXFileReference; fileEncoding = 4; lastKnownFileType = sourcecode.cpp.cpp; name = Slug.cpp; path = ScriviCore/src/util/Slug.cpp; sourceTree = SOURCE_ROOT; };
		F034 /* TextStats.hpp */ = {isa = PBXFileReference; fileEncoding = 4; lastKnownFileType = sourcecode.cpp.h; name = TextStats.hpp; path = ScriviCore/src/util/TextStats.hpp; sourceTree = SOURCE_ROOT; };
		F035 /* TextStats.cpp */ = {isa = PBXFileReference; fileEncoding = 4; lastKnownFileType = sourcecode.cpp.cpp; name = TextStats.cpp; path = ScriviCore/src/util/TextStats.cpp; sourceTree = SOURCE_ROOT; };
		F036 /* Json.hpp */ = {isa = PBXFileReference; fileEncoding = 4; lastKnownFileType = sourcecode.cpp.h; name = Json.hpp; path = ScriviCore/src/util/Json.hpp; sourceTree = SOURCE_ROOT; };
		F037 /* Json.cpp */ = {isa = PBXFileReference; fileEncoding = 4; lastKnownFileType = sourcecode.cpp.cpp; name = Json.cpp; path = ScriviCore/src/util/Json.cpp; sourceTree = SOURCE_ROOT; };
		F038 /* AtomicWrite.hpp */ = {isa = PBXFileReference; fileEncoding = 4; lastKnownFileType = sourcecode.cpp.h; name = AtomicWrite.hpp; path = ScriviCore/src/util/AtomicWrite.hpp; sourceTree = SOURCE_ROOT; };
		F039 /* AtomicWrite.cpp */ = {isa = PBXFileReference; fileEncoding = 4; lastKnownFileType = sourcecode.cpp.cpp; name = AtomicWrite.cpp; path = ScriviCore/src/util/AtomicWrite.cpp; sourceTree = SOURCE_ROOT; };
		F040 /* Hash.hpp */ = {isa = PBXFileReference; fileEncoding = 4; lastKnownFileType = sourcecode.cpp.h; name = Hash.hpp; path = ScriviCore/src/util/Hash.hpp; sourceTree = SOURCE_ROOT; };
		F041 /* Hash.cpp */ = {isa = PBXFileReference; fileEncoding = 4; lastKnownFileType = sourcecode.cpp.cpp; name = Hash.cpp; path = ScriviCore/src/util/Hash.cpp; sourceTree = SOURCE_ROOT; };
		F050 /* PathUtilsTests.cpp */ = {isa = PBXFileReference; fileEncoding = 4; lastKnownFileType = sourcecode.cpp.cpp; name = PathUtilsTests.cpp; path = ScriviCore/tests/unit/PathUtilsTests.cpp; sourceTree = SOURCE_ROOT; };
		F051 /* SlugTests.cpp */ = {isa = PBXFileReference; fileEncoding = 4; lastKnownFileType = sourcecode.cpp.cpp; name = SlugTests.cpp; path = ScriviCore/tests/unit/SlugTests.cpp; sourceTree = SOURCE_ROOT; };
		F052 /* TextStatsTests.cpp */ = {isa = PBXFileReference; fileEncoding = 4; lastKnownFileType = sourcecode.cpp.cpp; name = TextStatsTests.cpp; path = ScriviCore/tests/unit/TextStatsTests.cpp; sourceTree = SOURCE_ROOT; };
		F053 /* JsonSchemaTests.cpp */ = {isa = PBXFileReference; fileEncoding = 4; lastKnownFileType = sourcecode.cpp.cpp; name = JsonSchemaTests.cpp; path = ScriviCore/tests/unit/JsonSchemaTests.cpp; sourceTree = SOURCE_ROOT; };
		F060 /* NullLogger.hpp */ = {isa = PBXFileReference; fileEncoding = 4; lastKnownFileType = sourcecode.cpp.h; name = NullLogger.hpp; path = ScriviCore/src/platform/NullLogger.hpp; sourceTree = SOURCE_ROOT; };
		F061 /* LocalFileSystem.hpp */ = {isa = PBXFileReference; fileEncoding = 4; lastKnownFileType = sourcecode.cpp.h; name = LocalFileSystem.hpp; path = ScriviCore/src/platform/LocalFileSystem.hpp; sourceTree = SOURCE_ROOT; };
		F062 /* LocalFileSystem.cpp */ = {isa = PBXFileReference; fileEncoding = 4; lastKnownFileType = sourcecode.cpp.cpp; name = LocalFileSystem.cpp; path = ScriviCore/src/platform/LocalFileSystem.cpp; sourceTree = SOURCE_ROOT; };
		F070 /* FixedClock.hpp */ = {isa = PBXFileReference; fileEncoding = 4; lastKnownFileType = sourcecode.cpp.h; name = FixedClock.hpp; path = ScriviCore/tests/mocks/FixedClock.hpp; sourceTree = SOURCE_ROOT; };
		F071 /* DeterministicUUIDProvider.hpp */ = {isa = PBXFileReference; fileEncoding = 4; lastKnownFileType = sourcecode.cpp.h; name = DeterministicUUIDProvider.hpp; path = ScriviCore/tests/mocks/DeterministicUUIDProvider.hpp; sourceTree = SOURCE_ROOT; };
		F072 /* MockSecureStore.hpp */ = {isa = PBXFileReference; fileEncoding = 4; lastKnownFileType = sourcecode.cpp.h; name = MockSecureStore.hpp; path = ScriviCore/tests/mocks/MockSecureStore.hpp; sourceTree = SOURCE_ROOT; };
		F073 /* MockGitProvider.hpp */ = {isa = PBXFileReference; fileEncoding = 4; lastKnownFileType = sourcecode.cpp.h; name = MockGitProvider.hpp; path = ScriviCore/tests/mocks/MockGitProvider.hpp; sourceTree = SOURCE_ROOT; };
		F074 /* MockServicesTests.cpp */ = {isa = PBXFileReference; fileEncoding = 4; lastKnownFileType = sourcecode.cpp.cpp; name = MockServicesTests.cpp; path = ScriviCore/tests/unit/MockServicesTests.cpp; sourceTree = SOURCE_ROOT; };
		F075 /* SchemaTests.cpp */ = {isa = PBXFileReference; fileEncoding = 4; lastKnownFileType = sourcecode.cpp.cpp; name = SchemaTests.cpp; path = ScriviCore/tests/unit/SchemaTests.cpp; sourceTree = SOURCE_ROOT; };
		F080 /* SchemaUtils.hpp */ = {isa = PBXFileReference; fileEncoding = 4; lastKnownFileType = sourcecode.cpp.h; name = SchemaUtils.hpp; path = ScriviCore/src/schemas/SchemaUtils.hpp; sourceTree = SOURCE_ROOT; };
		F081 /* ProjectJson.hpp */ = {isa = PBXFileReference; fileEncoding = 4; lastKnownFileType = sourcecode.cpp.h; name = ProjectJson.hpp; path = ScriviCore/src/schemas/ProjectJson.hpp; sourceTree = SOURCE_ROOT; };
		F082 /* ProjectJson.cpp */ = {isa = PBXFileReference; fileEncoding = 4; lastKnownFileType = sourcecode.cpp.cpp; name = ProjectJson.cpp; path = ScriviCore/src/schemas/ProjectJson.cpp; sourceTree = SOURCE_ROOT; };
		F083 /* ManuscriptMetaJson.hpp */ = {isa = PBXFileReference; fileEncoding = 4; lastKnownFileType = sourcecode.cpp.h; name = ManuscriptMetaJson.hpp; path = ScriviCore/src/schemas/ManuscriptMetaJson.hpp; sourceTree = SOURCE_ROOT; };
		F084 /* ManuscriptMetaJson.cpp */ = {isa = PBXFileReference; fileEncoding = 4; lastKnownFileType = sourcecode.cpp.cpp; name = ManuscriptMetaJson.cpp; path = ScriviCore/src/schemas/ManuscriptMetaJson.cpp; sourceTree = SOURCE_ROOT; };
		F085 /* ChapterMetaJson.hpp */ = {isa = PBXFileReference; fileEncoding = 4; lastKnownFileType = sourcecode.cpp.h; name = ChapterMetaJson.hpp; path = ScriviCore/src/schemas/ChapterMetaJson.hpp; sourceTree = SOURCE_ROOT; };
		F086 /* ChapterMetaJson.cpp */ = {isa = PBXFileReference; fileEncoding = 4; lastKnownFileType = sourcecode.cpp.cpp; name = ChapterMetaJson.cpp; path = ScriviCore/src/schemas/ChapterMetaJson.cpp; sourceTree = SOURCE_ROOT; };
		F087 /* SceneMetaJson.hpp */ = {isa = PBXFileReference; fileEncoding = 4; lastKnownFileType = sourcecode.cpp.h; name = SceneMetaJson.hpp; path = ScriviCore/src/schemas/SceneMetaJson.hpp; sourceTree = SOURCE_ROOT; };
		F088 /* SceneMetaJson.cpp */ = {isa = PBXFileReference; fileEncoding = 4; lastKnownFileType = sourcecode.cpp.cpp; name = SceneMetaJson.cpp; path = ScriviCore/src/schemas/SceneMetaJson.cpp; sourceTree = SOURCE_ROOT; };
		F089 /* ProjectMembersJson.hpp */ = {isa = PBXFileReference; fileEncoding = 4; lastKnownFileType = sourcecode.cpp.h; name = ProjectMembersJson.hpp; path = ScriviCore/src/schemas/ProjectMembersJson.hpp; sourceTree = SOURCE_ROOT; };
		F090 /* ProjectMembersJson.cpp */ = {isa = PBXFileReference; fileEncoding = 4; lastKnownFileType = sourcecode.cpp.cpp; name = ProjectMembersJson.cpp; path = ScriviCore/src/schemas/ProjectMembersJson.cpp; sourceTree = SOURCE_ROOT; };
		F091 /* ProjectPersonasJson.hpp */ = {isa = PBXFileReference; fileEncoding = 4; lastKnownFileType = sourcecode.cpp.h; name = ProjectPersonasJson.hpp; path = ScriviCore/src/schemas/ProjectPersonasJson.hpp; sourceTree = SOURCE_ROOT; };
		F092 /* ProjectPersonasJson.cpp */ = {isa = PBXFileReference; fileEncoding = 4; lastKnownFileType = sourcecode.cpp.cpp; name = ProjectPersonasJson.cpp; path = ScriviCore/src/schemas/ProjectPersonasJson.cpp; sourceTree = SOURCE_ROOT; };
		F093 /* WorkspaceStateJson.hpp */ = {isa = PBXFileReference; fileEncoding = 4; lastKnownFileType = sourcecode.cpp.h; name = WorkspaceStateJson.hpp; path = ScriviCore/src/schemas/WorkspaceStateJson.hpp; sourceTree = SOURCE_ROOT; };
		F094 /* WorkspaceStateJson.cpp */ = {isa = PBXFileReference; fileEncoding = 4; lastKnownFileType = sourcecode.cpp.cpp; name = WorkspaceStateJson.cpp; path = ScriviCore/src/schemas/WorkspaceStateJson.cpp; sourceTree = SOURCE_ROOT; };
/* End PBXFileReference section */

/* Begin PBXGroup section */
		86E648782FBE02E400376B3D /* domain */ = {
			isa = PBXGroup;
			children = (
			);
			path = domain;
			sourceTree = "<group>";
		};
		86E648792FBE02E400376B3D /* git */ = {
			isa = PBXGroup;
			children = (
			);
			path = git;
			sourceTree = "<group>";
		};
		86E6487A2FBE02E400376B3D /* identity */ = {
			isa = PBXGroup;
			children = (
			);
			path = identity;
			sourceTree = "<group>";
		};
		86E6487B2FBE02E400376B3D /* manuscript */ = {
			isa = PBXGroup;
			children = (
			);
			path = manuscript;
			sourceTree = "<group>";
		};
		86E648822FBE02E400376B3D /* project_package */ = {
			isa = PBXGroup;
			children = (
				86E648802FBE02E400376B3D /* ProjectCreator.hpp */,
				86E648812FBE02E400376B3D /* ProjectCreator.cpp */,
			);
			path = project_package;
			sourceTree = "<group>";
		};
		86E648852FBE02E400376B3D /* repair */ = {
			isa = PBXGroup;
			children = (
			);
			path = repair;
			sourceTree = "<group>";
		};
		86E648A32FBE02E400376B3D /* workspace */ = {
			isa = PBXGroup;
			children = (
			);
			path = workspace;
			sourceTree = "<group>";
		};
		GRP_BUILD /* Build */ = {
			isa = PBXGroup;
			children = (
				F020 /* CMakeLists.txt */,
				F021 /* CMakePresets.json */,
			);
			name = Build;
			sourceTree = "<group>";
		};
		GRP_DOCS /* docs */ = {
			isa = PBXGroup;
			children = (
				D001 /* README.md */,
				GRP_DOCS_EPICS /* Epics */,
				GRP_DOCS_ISSUES /* Issues */,
				GRP_DOCS_SPRINTS /* Sprints */,
				GRP_DOCS_TASKS /* Tasks */,
				GRP_DOCS_SPECS /* Specifications */,
			);
			name = docs;
			sourceTree = "<group>";
		};
		GRP_DOCS_EPICS /* Epics */ = {
			isa = PBXGroup;
			children = (
				D020 /* Epic-active.md */,
				D021 /* Epic-Documentation.md */,
				D022 /* Epic-GUIDELINES.md */,
			);
			name = Epics;
			sourceTree = "<group>";
		};
		GRP_DOCS_ISSUES /* Issues */ = {
			isa = PBXGroup;
			children = (
				D030 /* Issue-Documentation.md */,
				D031 /* Issue-GUIDELINES.md */,
			);
			name = Issues;
			sourceTree = "<group>";
		};
		GRP_DOCS_SPECS /* Specifications */ = {
			isa = PBXGroup;
			children = (
				D002 /* Scrivi_Backend_Architecture_v0_2.md */,
				D003 /* Scrivi_Backend_Behavior_Spec_v0_1.md */,
				D004 /* Scrivi_Backend_MVP_Slice_v0_1.md */,
				D005 /* Scrivi_Backend_Runtime_Trade_Study_v0_2.md */,
				D006 /* Scrivi_Cpp24_Backend_Core_Plan_v0_1.md */,
				D007 /* Scrivi_Cpp24_Core_API_Sketch_v0_2.md */,
				D008 /* Scrivi_Cpp24_Core_Repository_Skeleton_v0_1.md */,
				D009 /* Scrivi_DevOps_and_Build_Environment_Plan_v0_1.md */,
				D010 /* Scrivi_External_Change_Repair_Matrix_v0_1.md */,
				D011 /* Scrivi_Minimum_Schema_Set_v0_1.md */,
				D012 /* Scrivi_Project_Creation_and_Open_Flow_v0_1.md */,
				D013 /* Scrivi_Project_Package_Structure_v0_1.md */,
			);
			name = Specifications;
			sourceTree = "<group>";
		};
		GRP_DOCS_SPRINTS /* Sprints */ = {
			isa = PBXGroup;
			children = (
				D040 /* Sprint-active.md */,
				D041 /* Sprint-Documentation.md */,
				D042 /* Sprint-GUIDELINES.md */,
			);
			name = Sprints;
			sourceTree = "<group>";
		};
		GRP_DOCS_TASKS /* Tasks */ = {
			isa = PBXGroup;
			children = (
				D050 /* Task-active.md */,
				D051 /* Task-backlog.md */,
				D052 /* Task-Documentation.md */,
				D053 /* Task-Guidelines.md */,
				D054 /* Task-unverified.md */,
			);
			name = Tasks;
			sourceTree = "<group>";
		};
		GRP_INCLUDE /* include/scrivi */ = {
			isa = PBXGroup;
			children = (
				F009 /* ScriviCore.hpp */,
				F002 /* Result.hpp */,
				F001 /* Error.hpp */,
				F003 /* IDs.hpp */,
				F004 /* Types.hpp */,
				F005 /* RepairIssue.hpp */,
				F006 /* Services.hpp */,
				F007 /* Requests.hpp */,
				F008 /* Results.hpp */,
			);
			name = include/scrivi;
			sourceTree = "<group>";
		};
		GRP_MOCKS /* mocks */ = {
			isa = PBXGroup;
			children = (
				F070 /* FixedClock.hpp */,
				F071 /* DeterministicUUIDProvider.hpp */,
				F072 /* MockSecureStore.hpp */,
				F073 /* MockGitProvider.hpp */,
			);
			name = mocks;
			sourceTree = "<group>";
		};
		GRP_PLATFORM /* platform */ = {
			isa = PBXGroup;
			children = (
				F060 /* NullLogger.hpp */,
				F061 /* LocalFileSystem.hpp */,
				F062 /* LocalFileSystem.cpp */,
			);
			name = platform;
			sourceTree = "<group>";
		};
		GRP_SCHEMAS /* schemas */ = {
			isa = PBXGroup;
			children = (
				F080 /* SchemaUtils.hpp */,
				F081 /* ProjectJson.hpp */,
				F082 /* ProjectJson.cpp */,
				F083 /* ManuscriptMetaJson.hpp */,
				F084 /* ManuscriptMetaJson.cpp */,
				F085 /* ChapterMetaJson.hpp */,
				F086 /* ChapterMetaJson.cpp */,
				F087 /* SceneMetaJson.hpp */,
				F088 /* SceneMetaJson.cpp */,
				F089 /* ProjectMembersJson.hpp */,
				F090 /* ProjectMembersJson.cpp */,
				F091 /* ProjectPersonasJson.hpp */,
				F092 /* ProjectPersonasJson.cpp */,
				F093 /* WorkspaceStateJson.hpp */,
				F094 /* WorkspaceStateJson.cpp */,
			);
			name = schemas;
			sourceTree = "<group>";
		};
		GRP_SCRIVICORE /* ScriviCore */ = {
			isa = PBXGroup;
			children = (
				GRP_INCLUDE /* include/scrivi */,
				GRP_SRC /* src */,
				GRP_TESTS /* tests */,
				F022 /* CMakeLists.txt */,
			);
			name = ScriviCore;
			sourceTree = "<group>";
		};
		GRP_SRC /* src */ = {
			isa = PBXGroup;
			children = (
				F010 /* ScriviCore.cpp */,
				86E648782FBE02E400376B3D /* domain */,
				86E648792FBE02E400376B3D /* git */,
				86E6487A2FBE02E400376B3D /* identity */,
				86E6487B2FBE02E400376B3D /* manuscript */,
				86E648822FBE02E400376B3D /* project_package */,
				86E648852FBE02E400376B3D /* repair */,
				86E648A32FBE02E400376B3D /* workspace */,
				GRP_UTIL /* util */,
				GRP_PLATFORM /* platform */,
				GRP_SCHEMAS /* schemas */,
			);
			name = src;
			sourceTree = "<group>";
		};
		GRP_TESTS /* tests */ = {
			isa = PBXGroup;
			children = (
				GRP_UNIT /* unit */,
				GRP_MOCKS /* mocks */,
				F023 /* CMakeLists.txt */,
			);
			name = tests;
			sourceTree = "<group>";
		};
		GRP_UNIT /* unit */ = {
			isa = PBXGroup;
			children = (
				F011 /* ResultTests.cpp */,
				F012 /* IDTests.cpp */,
				F050 /* PathUtilsTests.cpp */,
				F051 /* SlugTests.cpp */,
				F052 /* TextStatsTests.cpp */,
				F053 /* JsonSchemaTests.cpp */,
				F074 /* MockServicesTests.cpp */,
				F075 /* SchemaTests.cpp */,
			);
			name = unit;
			sourceTree = "<group>";
		};
		GRP_UTIL /* util */ = {
			isa = PBXGroup;
			children = (
				F030 /* PathUtils.hpp */,
				F031 /* PathUtils.cpp */,
				F032 /* Slug.hpp */,
				F033 /* Slug.cpp */,
				F034 /* TextStats.hpp */,
				F035 /* TextStats.cpp */,
				F036 /* Json.hpp */,
				F037 /* Json.cpp */,
				F038 /* AtomicWrite.hpp */,
				F039 /* AtomicWrite.cpp */,
				F040 /* Hash.hpp */,
				F041 /* Hash.cpp */,
			);
			name = util;
			sourceTree = "<group>";
		};
		ROOT = {
			isa = PBXGroup;
			children = (
				GRP_SCRIVICORE /* ScriviCore */,
				GRP_BUILD /* Build */,
				GRP_DOCS /* docs */,
			);
			sourceTree = "<group>";
		};
/* End PBXGroup section */

/* Begin PBXProject section */
		PROJECT /* Project object */ = {
			isa = PBXProject;
			attributes = {
				BuildIndependentTargetsInParallel = 1;
				LastUpgradeCheck = 2630;
			};
			buildConfigurationList = BCL000 /* Build configuration list for PBXProject "ScriviCore" */;
			compatibilityVersion = "Xcode 14.0";
			developmentRegion = en;
			hasScannedForEncodings = 0;
			knownRegions = (
				en,
				Base,
			);
			mainGroup = ROOT;
			projectDirPath = "";
			projectRoot = "";
			targets = (
				T001 /* ScriviCore */,
				T002 /* ScriviCoreTests */,
			);
		};
/* End PBXProject section */

/* Begin PBXShellScriptBuildPhase section */
		BP001 /* Build */ = {
			isa = PBXShellScriptBuildPhase;
			alwaysOutOfDate = 1;
			buildActionMask = 2147483647;
			files = (
			);
			inputFileListPaths = (
			);
			inputPaths = (
			);
			name = Build;
			outputFileListPaths = (
			);
			outputPaths = (
			);
			runOnlyForDeploymentPostprocessing = 0;
			shellPath = /bin/zsh;
			shellScript = "set -e\nexport PATH=\"/opt/homebrew/bin:$PATH\"\ncd \"$SRCROOT\"\ncmake -S . -B build/ninja -G Ninja -DSCRIVI_BUILD_TESTS=ON -DCMAKE_BUILD_TYPE=Debug -DCMAKE_EXPORT_COMPILE_COMMANDS=ON\ncmake --build build/ninja --parallel\n";
		};
		BP002 /* Build and Test */ = {
			isa = PBXShellScriptBuildPhase;
			alwaysOutOfDate = 1;
			buildActionMask = 2147483647;
			files = (
			);
			inputFileListPaths = (
			);
			inputPaths = (
			);
			name = "Build and Test";
			outputFileListPaths = (
			);
			outputPaths = (
			);
			runOnlyForDeploymentPostprocessing = 0;
			shellPath = /bin/zsh;
			shellScript = "set -e\nexport PATH=\"/opt/homebrew/bin:$PATH\"\ncd \"$SRCROOT\"\ncmake -S . -B build/ninja -G Ninja -DSCRIVI_BUILD_TESTS=ON -DCMAKE_BUILD_TYPE=Debug -DCMAKE_EXPORT_COMPILE_COMMANDS=ON\ncmake --build build/ninja --parallel\nctest --test-dir build/ninja --output-on-failure\n";
		};
/* End PBXShellScriptBuildPhase section */

/* Begin XCBuildConfiguration section */
		BC000D /* Debug */ = {
			isa = XCBuildConfiguration;
			buildSettings = {
				ALWAYS_SEARCH_USER_PATHS = NO;
				CLANG_CXX_LANGUAGE_STANDARD = "c++23";
				CLANG_CXX_LIBRARY = "libc++";
				CLANG_WARN_BLOCK_CAPTURE_AUTORELEASING = YES;
				CLANG_WARN_BOOL_CONVERSION = YES;
				CLANG_WARN_COMMA = YES;
				CLANG_WARN_CONSTANT_CONVERSION = YES;
				CLANG_WARN_DEPRECATED_OBJC_IMPLEMENTATIONS = YES;
				CLANG_WARN_EMPTY_BODY = YES;
				CLANG_WARN_ENUM_CONVERSION = YES;
				CLANG_WARN_INFINITE_RECURSION = YES;
				CLANG_WARN_INT_CONVERSION = YES;
				CLANG_WARN_NON_LITERAL_NULL_CONVERSION = YES;
				CLANG_WARN_OBJC_IMPLICIT_RETAIN_SELF = YES;
				CLANG_WARN_OBJC_LITERAL_CONVERSION = YES;
				CLANG_WARN_QUOTED_INCLUDE_IN_FRAMEWORK_HEADER = YES;
				CLANG_WARN_RANGE_LOOP_ANALYSIS = YES;
				CLANG_WARN_STRICT_PROTOTYPES = YES;
				CLANG_WARN_SUSPICIOUS_MOVE = YES;
				CLANG_WARN_UNREACHABLE_CODE = YES;
				CLANG_WARN__DUPLICATE_METHOD_MATCH = YES;
				DEAD_CODE_STRIPPING = YES;
				ENABLE_STRICT_OBJC_MSGSEND = YES;
				ENABLE_TESTABILITY = YES;
				ENABLE_USER_SCRIPT_SANDBOXING = NO;
				GCC_C_LANGUAGE_STANDARD = gnu17;
				GCC_DYNAMIC_NO_PIC = NO;
				GCC_NO_COMMON_BLOCKS = YES;
				GCC_OPTIMIZATION_LEVEL = 0;
				GCC_PREPROCESSOR_DEFINITIONS = (
					"DEBUG=1",
					"$(inherited)",
				);
				GCC_WARN_64_TO_32_BIT_CONVERSION = YES;
				GCC_WARN_ABOUT_RETURN_TYPE = YES;
				GCC_WARN_UNDECLARED_SELECTOR = YES;
				GCC_WARN_UNINITIALIZED_AUTOS = YES;
				GCC_WARN_UNUSED_FUNCTION = YES;
				GCC_WARN_UNUSED_VARIABLE = YES;
				MTL_ENABLE_DEBUG_INFO = INCLUDE_SOURCE;
				ONLY_ACTIVE_ARCH = YES;
				STRING_CATALOG_GENERATE_SYMBOLS = YES;
			};
			name = Debug;
		};
		BC000R /* Release */ = {
			isa = XCBuildConfiguration;
			buildSettings = {
				ALWAYS_SEARCH_USER_PATHS = NO;
				CLANG_CXX_LANGUAGE_STANDARD = "c++23";
				CLANG_CXX_LIBRARY = "libc++";
				CLANG_WARN_BLOCK_CAPTURE_AUTORELEASING = YES;
				CLANG_WARN_BOOL_CONVERSION = YES;
				CLANG_WARN_COMMA = YES;
				CLANG_WARN_CONSTANT_CONVERSION = YES;
				CLANG_WARN_DEPRECATED_OBJC_IMPLEMENTATIONS = YES;
				CLANG_WARN_EMPTY_BODY = YES;
				CLANG_WARN_ENUM_CONVERSION = YES;
				CLANG_WARN_INFINITE_RECURSION = YES;
				CLANG_WARN_INT_CONVERSION = YES;
				CLANG_WARN_NON_LITERAL_NULL_CONVERSION = YES;
				CLANG_WARN_OBJC_IMPLICIT_RETAIN_SELF = YES;
				CLANG_WARN_OBJC_LITERAL_CONVERSION = YES;
				CLANG_WARN_QUOTED_INCLUDE_IN_FRAMEWORK_HEADER = YES;
				CLANG_WARN_RANGE_LOOP_ANALYSIS = YES;
				CLANG_WARN_STRICT_PROTOTYPES = YES;
				CLANG_WARN_SUSPICIOUS_MOVE = YES;
				CLANG_WARN_UNREACHABLE_CODE = YES;
				CLANG_WARN__DUPLICATE_METHOD_MATCH = YES;
				DEAD_CODE_STRIPPING = YES;
				ENABLE_STRICT_OBJC_MSGSEND = YES;
				ENABLE_USER_SCRIPT_SANDBOXING = NO;
				GCC_C_LANGUAGE_STANDARD = gnu17;
				GCC_NO_COMMON_BLOCKS = YES;
				GCC_WARN_64_TO_32_BIT_CONVERSION = YES;
				GCC_WARN_ABOUT_RETURN_TYPE = YES;
				GCC_WARN_UNDECLARED_SELECTOR = YES;
				GCC_WARN_UNINITIALIZED_AUTOS = YES;
				GCC_WARN_UNUSED_FUNCTION = YES;
				GCC_WARN_UNUSED_VARIABLE = YES;
				MTL_ENABLE_DEBUG_INFO = ERROR;
				STRING_CATALOG_GENERATE_SYMBOLS = YES;
				SWIFT_OPTIMIZATION_LEVEL = "-Onone";
			};
			name = Release;
		};
		BC001D /* Debug */ = {
			isa = XCBuildConfiguration;
			buildSettings = {
				CLANG_ENABLE_OBJC_WEAK = YES;
				DEAD_CODE_STRIPPING = YES;
				PRODUCT_NAME = ScriviCore;
			};
			name = Debug;
		};
		BC001R /* Release */ = {
			isa = XCBuildConfiguration;
			buildSettings = {
				CLANG_ENABLE_OBJC_WEAK = YES;
				DEAD_CODE_STRIPPING = YES;
				PRODUCT_NAME = ScriviCore;
			};
			name = Release;
		};
		BC002D /* Debug */ = {
			isa = XCBuildConfiguration;
			buildSettings = {
				CLANG_ENABLE_OBJC_WEAK = YES;
				DEAD_CODE_STRIPPING = YES;
				PRODUCT_NAME = ScriviCoreTests;
			};
			name = Debug;
		};
		BC002R /* Release */ = {
			isa = XCBuildConfiguration;
			buildSettings = {
				CLANG_ENABLE_OBJC_WEAK = YES;
				DEAD_CODE_STRIPPING = YES;
				PRODUCT_NAME = ScriviCoreTests;
			};
			name = Release;
		};
/* End XCBuildConfiguration section */

/* Begin XCConfigurationList section */
		BCL000 /* Build configuration list for PBXProject "ScriviCore" */ = {
			isa = XCConfigurationList;
			buildConfigurations = (
				BC000D /* Debug */,
				BC000R /* Release */,
			);
			defaultConfigurationIsVisible = 0;
			defaultConfigurationName = Debug;
		};
		BCL001 /* Build configuration list for PBXAggregateTarget "ScriviCore" */ = {
			isa = XCConfigurationList;
			buildConfigurations = (
				BC001D /* Debug */,
				BC001R /* Release */,
			);
			defaultConfigurationIsVisible = 0;
			defaultConfigurationName = Debug;
		};
		BCL002 /* Build configuration list for PBXAggregateTarget "ScriviCoreTests" */ = {
			isa = XCConfigurationList;
			buildConfigurations = (
				BC002D /* Debug */,
				BC002R /* Release */,
			);
			defaultConfigurationIsVisible = 0;
			defaultConfigurationName = Debug;
		};
/* End XCConfigurationList section */
	};
	rootObject = PROJECT /* Project object */;
}
