// !$*UTF8*$!
{
	archiveVersion = 1;
	classes = {
	};
	objectVersion = 56;
	objects = {

/* Begin PBXBuildFile section */
		C001_BF /* ScriviApp.swift in Sources */ = {isa = PBXBuildFile; fileRef = C001 /* ScriviApp.swift */; };
		C002_BF /* AppEnvironment.swift in Sources */ = {isa = PBXBuildFile; fileRef = C002 /* AppEnvironment.swift */; };
		C003_BF /* LandingView.swift in Sources */ = {isa = PBXBuildFile; fileRef = C003 /* LandingView.swift */; };
		C004_BF /* EditorView.swift in Sources */ = {isa = PBXBuildFile; fileRef = C004 /* EditorView.swift */; };
		C005_BF /* NewProjectSheet.swift in Sources */ = {isa = PBXBuildFile; fileRef = C005 /* NewProjectSheet.swift */; };
		C006_BF /* ViewportSceneLoader.swift in Sources */ = {isa = PBXBuildFile; fileRef = C006 /* ViewportSceneLoader.swift */; };
		C007_BF /* ManuscriptTextView.swift in Sources */ = {isa = PBXBuildFile; fileRef = C007 /* ManuscriptTextView.swift */; };
		C008_BF /* SceneNavigatorView.swift in Sources */ = {isa = PBXBuildFile; fileRef = C008 /* SceneNavigatorView.swift */; };
		C009_BF /* Info.plist in Resources */ = {isa = PBXBuildFile; fileRef = C009 /* Info.plist */; };
		C030_BF /* ProjectSettingsSheet.swift in Sources */ = {isa = PBXBuildFile; fileRef = C030 /* ProjectSettingsSheet.swift */; };
		C031_BF /* ProjectPreferences.swift in Sources */ = {isa = PBXBuildFile; fileRef = C031 /* ProjectPreferences.swift */; };
		C032_BF /* WindowFrameAutosave.swift in Sources */ = {isa = PBXBuildFile; fileRef = C032 /* WindowFrameAutosave.swift */; };
		C033_BF /* AboutView.swift in Sources */ = {isa = PBXBuildFile; fileRef = C033 /* AboutView.swift */; };
		C010_BF /* ScriviEngine.swift in Sources */ = {isa = PBXBuildFile; fileRef = B010 /* ScriviEngine.swift */; };
		C011_BF /* ScriviError.swift in Sources */ = {isa = PBXBuildFile; fileRef = B011 /* ScriviError.swift */; };
		C020_BF /* libScriviCore.a in Frameworks */ = {isa = PBXBuildFile; fileRef = SCRIVI_CORE_LIB /* libScriviCore.a */; };
		D001_BF /* ScriviApp.swift in Sources */ = {isa = PBXBuildFile; fileRef = C001 /* ScriviApp.swift */; };
		D002_BF /* AppEnvironment.swift in Sources */ = {isa = PBXBuildFile; fileRef = C002 /* AppEnvironment.swift */; };
		D003_BF /* LandingView.swift in Sources */ = {isa = PBXBuildFile; fileRef = C003 /* LandingView.swift */; };
		D004_BF /* EditorView.swift in Sources */ = {isa = PBXBuildFile; fileRef = C004 /* EditorView.swift */; };
		D005_BF /* NewProjectSheet.swift in Sources */ = {isa = PBXBuildFile; fileRef = C005 /* NewProjectSheet.swift */; };
		D006_BF /* ViewportSceneLoader.swift in Sources */ = {isa = PBXBuildFile; fileRef = C006 /* ViewportSceneLoader.swift */; };
		D007_BF /* ManuscriptTextView.swift in Sources */ = {isa = PBXBuildFile; fileRef = C007 /* ManuscriptTextView.swift */; };
		D008_BF /* SceneNavigatorView.swift in Sources */ = {isa = PBXBuildFile; fileRef = C008 /* SceneNavigatorView.swift */; };
		D030_BF /* ProjectSettingsSheet.swift in Sources */ = {isa = PBXBuildFile; fileRef = C030 /* ProjectSettingsSheet.swift */; };
		D031_BF /* ProjectPreferences.swift in Sources */ = {isa = PBXBuildFile; fileRef = C031 /* ProjectPreferences.swift */; };
		D032_BF /* WindowFrameAutosave.swift in Sources */ = {isa = PBXBuildFile; fileRef = C032 /* WindowFrameAutosave.swift */; };
		D033_BF /* AboutView.swift in Sources */ = {isa = PBXBuildFile; fileRef = C033 /* AboutView.swift */; };
		D010_BF /* ScriviEngine.swift in Sources */ = {isa = PBXBuildFile; fileRef = B010 /* ScriviEngine.swift */; };
		D011_BF /* ScriviError.swift in Sources */ = {isa = PBXBuildFile; fileRef = B011 /* ScriviError.swift */; };
		D020_BF /* libScriviCore.a in Frameworks */ = {isa = PBXBuildFile; fileRef = SCRIVI_CORE_LIB /* libScriviCore.a */; };
		E001_BF /* ScriviApp.swift in Sources */ = {isa = PBXBuildFile; fileRef = C001 /* ScriviApp.swift */; };
		E002_BF /* AppEnvironment.swift in Sources */ = {isa = PBXBuildFile; fileRef = C002 /* AppEnvironment.swift */; };
		E003_BF /* LandingView.swift in Sources */ = {isa = PBXBuildFile; fileRef = C003 /* LandingView.swift */; };
		E004_BF /* EditorView.swift in Sources */ = {isa = PBXBuildFile; fileRef = C004 /* EditorView.swift */; };
		E005_BF /* NewProjectSheet.swift in Sources */ = {isa = PBXBuildFile; fileRef = C005 /* NewProjectSheet.swift */; };
		E006_BF /* ViewportSceneLoader.swift in Sources */ = {isa = PBXBuildFile; fileRef = C006 /* ViewportSceneLoader.swift */; };
		E007_BF /* ManuscriptTextView.swift in Sources */ = {isa = PBXBuildFile; fileRef = C007 /* ManuscriptTextView.swift */; };
		E008_BF /* SceneNavigatorView.swift in Sources */ = {isa = PBXBuildFile; fileRef = C008 /* SceneNavigatorView.swift */; };
		E030_BF /* ProjectSettingsSheet.swift in Sources */ = {isa = PBXBuildFile; fileRef = C030 /* ProjectSettingsSheet.swift */; };
		E031_BF /* ProjectPreferences.swift in Sources */ = {isa = PBXBuildFile; fileRef = C031 /* ProjectPreferences.swift */; };
		E032_BF /* WindowFrameAutosave.swift in Sources */ = {isa = PBXBuildFile; fileRef = C032 /* WindowFrameAutosave.swift */; };
		E033_BF /* AboutView.swift in Sources */ = {isa = PBXBuildFile; fileRef = C033 /* AboutView.swift */; };
		E010_BF /* ScriviEngine.swift in Sources */ = {isa = PBXBuildFile; fileRef = B010 /* ScriviEngine.swift */; };
		E011_BF /* ScriviError.swift in Sources */ = {isa = PBXBuildFile; fileRef = B011 /* ScriviError.swift */; };
		E020_BF /* libScriviCore.a in Frameworks */ = {isa = PBXBuildFile; fileRef = SCRIVI_CORE_LIB /* libScriviCore.a */; };
		F001_BF /* ScriviInteropTests.swift in Sources */ = {isa = PBXBuildFile; fileRef = F001 /* ScriviInteropTests.swift */; };
		F010_BF /* ScriviEngine.swift in Sources */ = {isa = PBXBuildFile; fileRef = B010 /* ScriviEngine.swift */; };
		F011_BF /* ScriviError.swift in Sources */ = {isa = PBXBuildFile; fileRef = B011 /* ScriviError.swift */; };
		F020_BF /* libScriviCore.a in Frameworks */ = {isa = PBXBuildFile; fileRef = SCRIVI_CORE_LIB /* libScriviCore.a */; };
/* End PBXBuildFile section */

/* Begin PBXContainerItemProxy section */
		DEP_APP_PROXY /* PBXContainerItemProxy */ = {
			isa = PBXContainerItemProxy;
			containerPortal = PROJECT /* Project object */;
			proxyType = 1;
			remoteGlobalIDString = C_TARGET;
			remoteInfo = ScriviApp;
		};
/* End PBXContainerItemProxy section */

/* Begin PBXFileReference section */
		B003 /* module.modulemap */ = {isa = PBXFileReference; fileEncoding = 4; lastKnownFileType = "sourcecode.module-map"; name = module.modulemap; path = Scrivi/Adapter/module.modulemap; sourceTree = SOURCE_ROOT; };
		B010 /* ScriviEngine.swift */ = {isa = PBXFileReference; fileEncoding = 4; lastKnownFileType = sourcecode.swift; name = ScriviEngine.swift; path = Scrivi/Engine/ScriviEngine.swift; sourceTree = SOURCE_ROOT; };
		B011 /* ScriviError.swift */ = {isa = PBXFileReference; fileEncoding = 4; lastKnownFileType = sourcecode.swift; name = ScriviError.swift; path = Scrivi/Engine/ScriviError.swift; sourceTree = SOURCE_ROOT; };
		C001 /* ScriviApp.swift */ = {isa = PBXFileReference; fileEncoding = 4; lastKnownFileType = sourcecode.swift; name = ScriviApp.swift; path = Scrivi/App/ScriviApp.swift; sourceTree = SOURCE_ROOT; };
		C002 /* AppEnvironment.swift */ = {isa = PBXFileReference; fileEncoding = 4; lastKnownFileType = sourcecode.swift; name = AppEnvironment.swift; path = Scrivi/App/AppEnvironment.swift; sourceTree = SOURCE_ROOT; };
		C003 /* LandingView.swift */ = {isa = PBXFileReference; fileEncoding = 4; lastKnownFileType = sourcecode.swift; name = LandingView.swift; path = Scrivi/Views/LandingView.swift; sourceTree = SOURCE_ROOT; };
		C004 /* EditorView.swift */ = {isa = PBXFileReference; fileEncoding = 4; lastKnownFileType = sourcecode.swift; name = EditorView.swift; path = Scrivi/Views/EditorView.swift; sourceTree = SOURCE_ROOT; };
		C005 /* NewProjectSheet.swift */ = {isa = PBXFileReference; fileEncoding = 4; lastKnownFileType = sourcecode.swift; name = NewProjectSheet.swift; path = Scrivi/Views/NewProjectSheet.swift; sourceTree = SOURCE_ROOT; };
		C006 /* ViewportSceneLoader.swift */ = {isa = PBXFileReference; fileEncoding = 4; lastKnownFileType = sourcecode.swift; name = ViewportSceneLoader.swift; path = Scrivi/Views/ViewportSceneLoader.swift; sourceTree = SOURCE_ROOT; };
		C007 /* ManuscriptTextView.swift */ = {isa = PBXFileReference; fileEncoding = 4; lastKnownFileType = sourcecode.swift; name = ManuscriptTextView.swift; path = Scrivi/Views/ManuscriptTextView.swift; sourceTree = SOURCE_ROOT; };
		C008 /* SceneNavigatorView.swift */ = {isa = PBXFileReference; fileEncoding = 4; lastKnownFileType = sourcecode.swift; name = SceneNavigatorView.swift; path = Scrivi/Views/SceneNavigatorView.swift; sourceTree = SOURCE_ROOT; };
		C009 /* Info.plist */ = {isa = PBXFileReference; fileEncoding = 4; lastKnownFileType = text.plist.xml; name = Info.plist; path = Scrivi/App/Info.plist; sourceTree = SOURCE_ROOT; };
		C030 /* ProjectSettingsSheet.swift */ = {isa = PBXFileReference; fileEncoding = 4; lastKnownFileType = sourcecode.swift; name = ProjectSettingsSheet.swift; path = Scrivi/Views/ProjectSettingsSheet.swift; sourceTree = SOURCE_ROOT; };
		C031 /* ProjectPreferences.swift */ = {isa = PBXFileReference; fileEncoding = 4; lastKnownFileType = sourcecode.swift; name = ProjectPreferences.swift; path = Scrivi/App/ProjectPreferences.swift; sourceTree = SOURCE_ROOT; };
		C032 /* WindowFrameAutosave.swift */ = {isa = PBXFileReference; fileEncoding = 4; lastKnownFileType = sourcecode.swift; name = WindowFrameAutosave.swift; path = Scrivi/App/WindowFrameAutosave.swift; sourceTree = SOURCE_ROOT; };
		C033 /* AboutView.swift */ = {isa = PBXFileReference; fileEncoding = 4; lastKnownFileType = sourcecode.swift; name = AboutView.swift; path = Scrivi/Views/AboutView.swift; sourceTree = SOURCE_ROOT; };
		C010 /* Scrivi.entitlements */ = {isa = PBXFileReference; fileEncoding = 4; lastKnownFileType = text.plist.entitlements; name = Scrivi.entitlements; path = Scrivi/App/Scrivi.entitlements; sourceTree = SOURCE_ROOT; };
		C_PRODUCT /* Scrivi.app */ = {isa = PBXFileReference; explicitFileType = wrapper.application; includeInIndex = 0; path = Scrivi.app; sourceTree = BUILT_PRODUCTS_DIR; };
		D_PRODUCT /* Scrivi.app */ = {isa = PBXFileReference; explicitFileType = wrapper.application; includeInIndex = 0; path = Scrivi.app; sourceTree = BUILT_PRODUCTS_DIR; };
		E_PRODUCT /* Scrivi.app */ = {isa = PBXFileReference; explicitFileType = wrapper.application; includeInIndex = 0; path = Scrivi.app; sourceTree = BUILT_PRODUCTS_DIR; };
		F001 /* ScriviInteropTests.swift */ = {isa = PBXFileReference; fileEncoding = 4; lastKnownFileType = sourcecode.swift; name = ScriviInteropTests.swift; path = Scrivi/Tests/ScriviInteropTests.swift; sourceTree = SOURCE_ROOT; };
		F_PRODUCT /* ScriviInteropTests.xctest */ = {isa = PBXFileReference; explicitFileType = wrapper.cfbundle; includeInIndex = 0; path = ScriviInteropTests.xctest; sourceTree = BUILT_PRODUCTS_DIR; };
		SCRIVI_CORE_LIB /* libScriviCore.a */ = {isa = PBXFileReference; explicitFileType = archive.ar; name = libScriviCore.a; path = build/ScriviCore/libScriviCore.a; sourceTree = SOURCE_ROOT; };
		SCRIVI_CORE_REF /* ScriviCore */ = {isa = PBXFileReference; lastKnownFileType = folder; path = ScriviCore; sourceTree = SOURCE_ROOT; };
/* End PBXFileReference section */

/* Begin PBXFrameworksBuildPhase section */
		C_FW /* Frameworks */ = {
			isa = PBXFrameworksBuildPhase;
			buildActionMask = 2147483647;
			files = (
				C020_BF /* libScriviCore.a in Frameworks */,
			);
			runOnlyForDeploymentPostprocessing = 0;
		};
		D_FW /* Frameworks */ = {
			isa = PBXFrameworksBuildPhase;
			buildActionMask = 2147483647;
			files = (
				D020_BF /* libScriviCore.a in Frameworks */,
			);
			runOnlyForDeploymentPostprocessing = 0;
		};
		E_FW /* Frameworks */ = {
			isa = PBXFrameworksBuildPhase;
			buildActionMask = 2147483647;
			files = (
				E020_BF /* libScriviCore.a in Frameworks */,
			);
			runOnlyForDeploymentPostprocessing = 0;
		};
		F_FW /* Frameworks */ = {
			isa = PBXFrameworksBuildPhase;
			buildActionMask = 2147483647;
			files = (
				F020_BF /* libScriviCore.a in Frameworks */,
			);
			runOnlyForDeploymentPostprocessing = 0;
		};
/* End PBXFrameworksBuildPhase section */

/* Begin PBXGroup section */
		GRP_PRODUCTS /* Products */ = {
			isa = PBXGroup;
			children = (
				C_PRODUCT /* Scrivi.app */,
				D_PRODUCT /* Scrivi.app */,
				E_PRODUCT /* Scrivi.app */,
				F_PRODUCT /* ScriviInteropTests.xctest */,
			);
			name = Products;
			sourceTree = "<group>";
		};
		GRP_ROOT = {
			isa = PBXGroup;
			children = (
				GRP_SCRIVI /* Scrivi */,
				SCRIVI_CORE_REF /* ScriviCore */,
				GRP_PRODUCTS /* Products */,
			);
			sourceTree = "<group>";
		};
		GRP_SCRIVI /* Scrivi */ = {isa = PBXFileReference; lastKnownFileType = folder; path = Scrivi; sourceTree = SOURCE_ROOT; };
/* End PBXGroup section */

/* Begin PBXNativeTarget section */
		C_TARGET /* ScriviApp */ = {
			isa = PBXNativeTarget;
			buildConfigurationList = C_BCL /* Build configuration list for PBXNativeTarget "ScriviApp" */;
			buildPhases = (
				C_CMAKE_PHASE /* Build ScriviCore (CMake) */,
				C_SOURCES /* Sources */,
				C_RESOURCES /* Resources */,
				C_FW /* Frameworks */,
			);
			buildRules = (
			);
			dependencies = (
			);
			name = ScriviApp;
			productName = ScriviApp;
			productReference = C_PRODUCT /* Scrivi.app */;
			productType = "com.apple.product-type.application";
		};
		D_TARGET /* ScriviApp-iOS */ = {
			isa = PBXNativeTarget;
			buildConfigurationList = D_BCL /* Build configuration list for PBXNativeTarget "ScriviApp-iOS" */;
			buildPhases = (
				D_SOURCES /* Sources */,
				D_FW /* Frameworks */,
			);
			buildRules = (
			);
			dependencies = (
			);
			name = "ScriviApp-iOS";
			productName = "ScriviApp-iOS";
			productReference = D_PRODUCT /* Scrivi.app */;
			productType = "com.apple.product-type.application";
		};
		E_TARGET /* ScriviApp-visionOS */ = {
			isa = PBXNativeTarget;
			buildConfigurationList = E_BCL /* Build configuration list for PBXNativeTarget "ScriviApp-visionOS" */;
			buildPhases = (
				E_SOURCES /* Sources */,
				E_FW /* Frameworks */,
			);
			buildRules = (
			);
			dependencies = (
			);
			name = "ScriviApp-visionOS";
			productName = "ScriviApp-visionOS";
			productReference = E_PRODUCT /* Scrivi.app */;
			productType = "com.apple.product-type.application";
		};
		F_TARGET /* ScriviInteropTests */ = {
			isa = PBXNativeTarget;
			buildConfigurationList = F_BCL /* Build configuration list for PBXNativeTarget "ScriviInteropTests" */;
			buildPhases = (
				F_SOURCES /* Sources */,
				F_FW /* Frameworks */,
			);
			buildRules = (
			);
			dependencies = (
				DEP_APP_TESTS /* PBXTargetDependency */,
			);
			name = ScriviInteropTests;
			productName = ScriviInteropTests;
			productReference = F_PRODUCT /* ScriviInteropTests.xctest */;
			productType = "com.apple.product-type.bundle.unit-test";
		};
/* End PBXNativeTarget section */

/* Begin PBXProject section */
		PROJECT /* Project object */ = {
			isa = PBXProject;
			attributes = {
				BuildIndependentTargetsInParallel = 1;
				LastUpgradeCheck = 2630;
				TargetAttributes = {
					F_TARGET = {
						TestTargetID = C_TARGET;
					};
				};
			};
			buildConfigurationList = PROJ_BCL /* Build configuration list for PBXProject "Scrivi" */;
			compatibilityVersion = "Xcode 14.0";
			developmentRegion = en;
			hasScannedForEncodings = 0;
			knownRegions = (
				en,
				Base,
			);
			mainGroup = GRP_ROOT;
			productRefGroup = GRP_PRODUCTS /* Products */;
			projectDirPath = "";
			projectRoot = "";
			targets = (
				C_TARGET /* ScriviApp */,
				D_TARGET /* ScriviApp-iOS */,
				E_TARGET /* ScriviApp-visionOS */,
				F_TARGET /* ScriviInteropTests */,
			);
		};
/* End PBXProject section */

/* Begin PBXResourcesBuildPhase section */
		C_RESOURCES /* Resources */ = {
			isa = PBXResourcesBuildPhase;
			buildActionMask = 2147483647;
			files = (
			);
			runOnlyForDeploymentPostprocessing = 0;
		};
/* End PBXResourcesBuildPhase section */

/* Begin PBXShellScriptBuildPhase section */
		C_CMAKE_PHASE /* Build ScriviCore (CMake) */ = {
			isa = PBXShellScriptBuildPhase;
			alwaysOutOfDate = 1;
			buildActionMask = 2147483647;
			files = (
			);
			inputFileListPaths = (
			);
			inputPaths = (
			);
			name = "Build ScriviCore (CMake)";
			outputFileListPaths = (
			);
			outputPaths = (
			);
			runOnlyForDeploymentPostprocessing = 0;
			shellPath = /bin/zsh;
			shellScript = "set -e\nexport PATH=\"/opt/homebrew/bin:$PATH\"\ncd \"$SRCROOT\"\ncmake -S . -B build -DSCRIVI_BUILD_TESTS=OFF -DCMAKE_BUILD_TYPE=Debug\ncmake --build build --parallel\n";
		};
/* End PBXShellScriptBuildPhase section */

/* Begin PBXSourcesBuildPhase section */
		C_SOURCES /* Sources */ = {
			isa = PBXSourcesBuildPhase;
			buildActionMask = 2147483647;
			files = (
				C010_BF /* ScriviEngine.swift in Sources */,
				C011_BF /* ScriviError.swift in Sources */,
				C001_BF /* ScriviApp.swift in Sources */,
				C002_BF /* AppEnvironment.swift in Sources */,
				C003_BF /* LandingView.swift in Sources */,
				C004_BF /* EditorView.swift in Sources */,
				C005_BF /* NewProjectSheet.swift in Sources */,
				C006_BF /* ViewportSceneLoader.swift in Sources */,
				C007_BF /* ManuscriptTextView.swift in Sources */,
				C008_BF /* SceneNavigatorView.swift in Sources */,
				C030_BF /* ProjectSettingsSheet.swift in Sources */,
				C031_BF /* ProjectPreferences.swift in Sources */,
				C032_BF /* WindowFrameAutosave.swift in Sources */,
				C033_BF /* AboutView.swift in Sources */,
			);
			runOnlyForDeploymentPostprocessing = 0;
		};
		D_SOURCES /* Sources */ = {
			isa = PBXSourcesBuildPhase;
			buildActionMask = 2147483647;
			files = (
				D010_BF /* ScriviEngine.swift in Sources */,
				D011_BF /* ScriviError.swift in Sources */,
				D001_BF /* ScriviApp.swift in Sources */,
				D002_BF /* AppEnvironment.swift in Sources */,
				D003_BF /* LandingView.swift in Sources */,
				D004_BF /* EditorView.swift in Sources */,
				D005_BF /* NewProjectSheet.swift in Sources */,
				D006_BF /* ViewportSceneLoader.swift in Sources */,
				D007_BF /* ManuscriptTextView.swift in Sources */,
				D008_BF /* SceneNavigatorView.swift in Sources */,
				D030_BF /* ProjectSettingsSheet.swift in Sources */,
				D031_BF /* ProjectPreferences.swift in Sources */,
				D032_BF /* WindowFrameAutosave.swift in Sources */,
				D033_BF /* AboutView.swift in Sources */,
			);
			runOnlyForDeploymentPostprocessing = 0;
		};
		E_SOURCES /* Sources */ = {
			isa = PBXSourcesBuildPhase;
			buildActionMask = 2147483647;
			files = (
				E010_BF /* ScriviEngine.swift in Sources */,
				E011_BF /* ScriviError.swift in Sources */,
				E001_BF /* ScriviApp.swift in Sources */,
				E002_BF /* AppEnvironment.swift in Sources */,
				E003_BF /* LandingView.swift in Sources */,
				E004_BF /* EditorView.swift in Sources */,
				E005_BF /* NewProjectSheet.swift in Sources */,
				E006_BF /* ViewportSceneLoader.swift in Sources */,
				E007_BF /* ManuscriptTextView.swift in Sources */,
				E008_BF /* SceneNavigatorView.swift in Sources */,
				E030_BF /* ProjectSettingsSheet.swift in Sources */,
				E031_BF /* ProjectPreferences.swift in Sources */,
				E032_BF /* WindowFrameAutosave.swift in Sources */,
				E033_BF /* AboutView.swift in Sources */,
			);
			runOnlyForDeploymentPostprocessing = 0;
		};
		F_SOURCES /* Sources */ = {
			isa = PBXSourcesBuildPhase;
			buildActionMask = 2147483647;
			files = (
				F010_BF /* ScriviEngine.swift in Sources */,
				F011_BF /* ScriviError.swift in Sources */,
				F001_BF /* ScriviInteropTests.swift in Sources */,
			);
			runOnlyForDeploymentPostprocessing = 0;
		};
/* End PBXSourcesBuildPhase section */

/* Begin PBXTargetDependency section */
		DEP_APP_TESTS /* PBXTargetDependency */ = {
			isa = PBXTargetDependency;
			target = C_TARGET /* ScriviApp */;
			targetProxy = DEP_APP_PROXY /* PBXContainerItemProxy */;
		};
/* End PBXTargetDependency section */

/* Begin XCBuildConfiguration section */
		C_BC_DEBUG /* Debug */ = {
			isa = XCBuildConfiguration;
			buildSettings = {
				CODE_SIGN_ENTITLEMENTS = "$(SRCROOT)/Scrivi/App/Scrivi.entitlements";
				CODE_SIGN_STYLE = Automatic;
				COMBINE_HIDPI_IMAGES = YES;
				DEVELOPMENT_TEAM = QEJ2Z74RY9;
				ENABLE_HARDENED_RUNTIME = YES;
				INFOPLIST_FILE = "$(SRCROOT)/Scrivi/App/Info.plist";
				LD_RUNPATH_SEARCH_PATHS = (
					"$(inherited)",
					"@executable_path/../Frameworks",
				);
				MACOSX_DEPLOYMENT_TARGET = 26.0;
				OTHER_LDFLAGS = (
					"$(inherited)",
					"-framework",
					Security,
					"-lc++",
				);
				LIBRARY_SEARCH_PATHS = "$(SRCROOT)/build/ScriviCore";
				PRODUCT_BUNDLE_IDENTIFIER = com.caposoft.scrivi;
				PRODUCT_NAME = Scrivi;
				SDKROOT = macosx;
				SWIFT_ACTIVE_COMPILATION_CONDITIONS = DEBUG;
				SWIFT_INCLUDE_PATHS = "$(SRCROOT)/ScriviCore/include/scrivi";
				SWIFT_OPTIMIZATION_LEVEL = "-Onone";
				SWIFT_VERSION = 6.0;
			};
			name = Debug;
		};
		C_BC_RELEASE /* Release */ = {
			isa = XCBuildConfiguration;
			buildSettings = {
				CODE_SIGN_ENTITLEMENTS = "$(SRCROOT)/Scrivi/App/Scrivi.entitlements";
				CODE_SIGN_STYLE = Automatic;
				COMBINE_HIDPI_IMAGES = YES;
				DEVELOPMENT_TEAM = QEJ2Z74RY9;
				ENABLE_HARDENED_RUNTIME = YES;
				INFOPLIST_FILE = "$(SRCROOT)/Scrivi/App/Info.plist";
				LD_RUNPATH_SEARCH_PATHS = (
					"$(inherited)",
					"@executable_path/../Frameworks",
				);
				MACOSX_DEPLOYMENT_TARGET = 26.0;
				OTHER_LDFLAGS = (
					"$(inherited)",
					"-framework",
					Security,
					"-lc++",
				);
				LIBRARY_SEARCH_PATHS = "$(SRCROOT)/build/ScriviCore";
				PRODUCT_BUNDLE_IDENTIFIER = com.caposoft.scrivi;
				PRODUCT_NAME = Scrivi;
				SDKROOT = macosx;
				SWIFT_INCLUDE_PATHS = "$(SRCROOT)/ScriviCore/include/scrivi";
				SWIFT_OPTIMIZATION_LEVEL = "-O";
				SWIFT_VERSION = 6.0;
			};
			name = Release;
		};
		D_BC_DEBUG /* Debug */ = {
			isa = XCBuildConfiguration;
			buildSettings = {
				CODE_SIGN_STYLE = Automatic;
				DEVELOPMENT_TEAM = QEJ2Z74RY9;
				IPHONEOS_DEPLOYMENT_TARGET = 26.0;
				OTHER_LDFLAGS = (
					"$(inherited)",
					"-framework",
					Security,
					"-lc++",
				);
				LIBRARY_SEARCH_PATHS = "$(SRCROOT)/build/ScriviCore";
				PRODUCT_BUNDLE_IDENTIFIER = com.caposoft.scrivi;
				PRODUCT_NAME = Scrivi;
				SDKROOT = iphoneos;
				SWIFT_ACTIVE_COMPILATION_CONDITIONS = DEBUG;
				SWIFT_INCLUDE_PATHS = "$(SRCROOT)/ScriviCore/include/scrivi";
				SWIFT_OPTIMIZATION_LEVEL = "-Onone";
				SWIFT_VERSION = 6.0;
				TARGETED_DEVICE_FAMILY = "1,2";
			};
			name = Debug;
		};
		D_BC_RELEASE /* Release */ = {
			isa = XCBuildConfiguration;
			buildSettings = {
				CODE_SIGN_STYLE = Automatic;
				DEVELOPMENT_TEAM = QEJ2Z74RY9;
				IPHONEOS_DEPLOYMENT_TARGET = 26.0;
				OTHER_LDFLAGS = (
					"$(inherited)",
					"-framework",
					Security,
					"-lc++",
				);
				LIBRARY_SEARCH_PATHS = "$(SRCROOT)/build/ScriviCore";
				PRODUCT_BUNDLE_IDENTIFIER = com.caposoft.scrivi;
				PRODUCT_NAME = Scrivi;
				SDKROOT = iphoneos;
				SWIFT_INCLUDE_PATHS = "$(SRCROOT)/ScriviCore/include/scrivi";
				SWIFT_OPTIMIZATION_LEVEL = "-O";
				SWIFT_VERSION = 6.0;
				TARGETED_DEVICE_FAMILY = "1,2";
			};
			name = Release;
		};
		E_BC_DEBUG /* Debug */ = {
			isa = XCBuildConfiguration;
			buildSettings = {
				CODE_SIGN_STYLE = Automatic;
				DEVELOPMENT_TEAM = QEJ2Z74RY9;
				OTHER_LDFLAGS = (
					"$(inherited)",
					"-framework",
					Security,
					"-lc++",
				);
				LIBRARY_SEARCH_PATHS = "$(SRCROOT)/build/ScriviCore";
				PRODUCT_BUNDLE_IDENTIFIER = com.caposoft.scrivi;
				PRODUCT_NAME = Scrivi;
				SDKROOT = xros;
				SWIFT_ACTIVE_COMPILATION_CONDITIONS = DEBUG;
				SWIFT_INCLUDE_PATHS = "$(SRCROOT)/ScriviCore/include/scrivi";
				SWIFT_OPTIMIZATION_LEVEL = "-Onone";
				SWIFT_VERSION = 6.0;
				XROS_DEPLOYMENT_TARGET = 26.0;
			};
			name = Debug;
		};
		E_BC_RELEASE /* Release */ = {
			isa = XCBuildConfiguration;
			buildSettings = {
				CODE_SIGN_STYLE = Automatic;
				DEVELOPMENT_TEAM = QEJ2Z74RY9;
				OTHER_LDFLAGS = (
					"$(inherited)",
					"-framework",
					Security,
					"-lc++",
				);
				LIBRARY_SEARCH_PATHS = "$(SRCROOT)/build/ScriviCore";
				PRODUCT_BUNDLE_IDENTIFIER = com.caposoft.scrivi;
				PRODUCT_NAME = Scrivi;
				SDKROOT = xros;
				SWIFT_INCLUDE_PATHS = "$(SRCROOT)/ScriviCore/include/scrivi";
				SWIFT_OPTIMIZATION_LEVEL = "-O";
				SWIFT_VERSION = 6.0;
				XROS_DEPLOYMENT_TARGET = 26.0;
			};
			name = Release;
		};
		F_BC_DEBUG /* Debug */ = {
			isa = XCBuildConfiguration;
			buildSettings = {
				BUNDLE_LOADER = "$(TEST_HOST)";
				CODE_SIGN_STYLE = Automatic;
				DEVELOPMENT_TEAM = QEJ2Z74RY9;
				MACOSX_DEPLOYMENT_TARGET = 26.0;
				PRODUCT_BUNDLE_IDENTIFIER = com.caposoft.scrivi.tests;
				PRODUCT_NAME = ScriviInteropTests;
				SDKROOT = macosx;
				SWIFT_ACTIVE_COMPILATION_CONDITIONS = DEBUG;
				SWIFT_INCLUDE_PATHS = "$(SRCROOT)/ScriviCore/include/scrivi";
				SWIFT_OPTIMIZATION_LEVEL = "-Onone";
				SWIFT_VERSION = 6.0;
				TEST_HOST = "$(BUILT_PRODUCTS_DIR)/Scrivi.app/Contents/MacOS/Scrivi";
			};
			name = Debug;
		};
		F_BC_RELEASE /* Release */ = {
			isa = XCBuildConfiguration;
			buildSettings = {
				BUNDLE_LOADER = "$(TEST_HOST)";
				CODE_SIGN_STYLE = Automatic;
				DEVELOPMENT_TEAM = QEJ2Z74RY9;
				MACOSX_DEPLOYMENT_TARGET = 26.0;
				PRODUCT_BUNDLE_IDENTIFIER = com.caposoft.scrivi.tests;
				PRODUCT_NAME = ScriviInteropTests;
				SDKROOT = macosx;
				SWIFT_INCLUDE_PATHS = "$(SRCROOT)/ScriviCore/include/scrivi";
				SWIFT_OPTIMIZATION_LEVEL = "-O";
				SWIFT_VERSION = 6.0;
				TEST_HOST = "$(BUILT_PRODUCTS_DIR)/Scrivi.app/Contents/MacOS/Scrivi";
			};
			name = Release;
		};
		PROJ_BC_DEBUG /* Debug */ = {
			isa = XCBuildConfiguration;
			buildSettings = {
				ALWAYS_SEARCH_USER_PATHS = NO;
				CLANG_ENABLE_MODULES = YES;
				CLANG_ENABLE_OBJC_ARC = YES;
				COPY_PHASE_STRIP = NO;
				DEBUG_INFORMATION_FORMAT = dwarf;
				ENABLE_TESTABILITY = YES;
				GCC_C_LANGUAGE_STANDARD = gnu11;
				GCC_DYNAMIC_NO_PIC = NO;
				GCC_NO_COMMON_BLOCKS = YES;
				GCC_OPTIMIZATION_LEVEL = 0;
				GCC_PREPROCESSOR_DEFINITIONS = (
					"DEBUG=1",
					"$(inherited)",
				);
				MTL_ENABLE_DEBUG_INFO = INCLUDE_SOURCE;
				MTL_FAST_MATH = YES;
				ONLY_ACTIVE_ARCH = YES;
				SWIFT_ACTIVE_COMPILATION_CONDITIONS = DEBUG;
			};
			name = Debug;
		};
		PROJ_BC_RELEASE /* Release */ = {
			isa = XCBuildConfiguration;
			buildSettings = {
				ALWAYS_SEARCH_USER_PATHS = NO;
				CLANG_ENABLE_MODULES = YES;
				CLANG_ENABLE_OBJC_ARC = YES;
				COPY_PHASE_STRIP = NO;
				DEBUG_INFORMATION_FORMAT = "dwarf-with-dsym";
				ENABLE_NS_ASSERTIONS = NO;
				GCC_C_LANGUAGE_STANDARD = gnu11;
				GCC_NO_COMMON_BLOCKS = YES;
				MTL_ENABLE_DEBUG_INFO = NO;
				MTL_FAST_MATH = YES;
				SWIFT_COMPILATION_MODE = wholemodule;
			};
			name = Release;
		};
/* End XCBuildConfiguration section */

/* Begin XCConfigurationList section */
		C_BCL /* Build configuration list for PBXNativeTarget "ScriviApp" */ = {
			isa = XCConfigurationList;
			buildConfigurations = (
				C_BC_DEBUG /* Debug */,
				C_BC_RELEASE /* Release */,
			);
			defaultConfigurationIsVisible = 0;
			defaultConfigurationName = Release;
		};
		D_BCL /* Build configuration list for PBXNativeTarget "ScriviApp-iOS" */ = {
			isa = XCConfigurationList;
			buildConfigurations = (
				D_BC_DEBUG /* Debug */,
				D_BC_RELEASE /* Release */,
			);
			defaultConfigurationIsVisible = 0;
			defaultConfigurationName = Release;
		};
		E_BCL /* Build configuration list for PBXNativeTarget "ScriviApp-visionOS" */ = {
			isa = XCConfigurationList;
			buildConfigurations = (
				E_BC_DEBUG /* Debug */,
				E_BC_RELEASE /* Release */,
			);
			defaultConfigurationIsVisible = 0;
			defaultConfigurationName = Release;
		};
		F_BCL /* Build configuration list for PBXNativeTarget "ScriviInteropTests" */ = {
			isa = XCConfigurationList;
			buildConfigurations = (
				F_BC_DEBUG /* Debug */,
				F_BC_RELEASE /* Release */,
			);
			defaultConfigurationIsVisible = 0;
			defaultConfigurationName = Release;
		};
		PROJ_BCL /* Build configuration list for PBXProject "Scrivi" */ = {
			isa = XCConfigurationList;
			buildConfigurations = (
				PROJ_BC_DEBUG /* Debug */,
				PROJ_BC_RELEASE /* Release */,
			);
			defaultConfigurationIsVisible = 0;
			defaultConfigurationName = Release;
		};
/* End XCConfigurationList section */
	};
	rootObject = PROJECT /* Project object */;
}
