// !$*UTF8*$!
{
	archiveVersion = 1;
	classes = {
	};
	objectVersion = 70;
	objects = {

/* Begin PBXBuildFile section */
		86BF02842FEDE0AE00531EAC /* Scrivi/Assets.xcassets in Resources */ = {isa = PBXBuildFile; fileRef = ASSETS_REF /* Scrivi/Assets.xcassets */; };
		86BF02862FEDE0BF00531EAC /* Scrivi/Assets.xcassets in Resources */ = {isa = PBXBuildFile; fileRef = ASSETS_REF /* Scrivi/Assets.xcassets */; };
		ASSETS_BF /* Scrivi/Assets.xcassets in Resources */ = {isa = PBXBuildFile; fileRef = ASSETS_REF /* Scrivi/Assets.xcassets */; };
		C001_BF /* ScriviApp.swift in Sources */ = {isa = PBXBuildFile; fileRef = C001 /* ScriviApp.swift */; };
		C002_BF /* AppEnvironment.swift in Sources */ = {isa = PBXBuildFile; fileRef = C002 /* AppEnvironment.swift */; };
		C003_BF /* LandingView.swift in Sources */ = {isa = PBXBuildFile; fileRef = C003 /* LandingView.swift */; };
		C004_BF /* EditorView.swift in Sources */ = {isa = PBXBuildFile; fileRef = C004 /* EditorView.swift */; };
		C005_BF /* NewProjectSheet.swift in Sources */ = {isa = PBXBuildFile; fileRef = C005 /* NewProjectSheet.swift */; };
		C006_BF /* ViewportSceneLoader.swift in Sources */ = {isa = PBXBuildFile; fileRef = C006 /* ViewportSceneLoader.swift */; };
		C007_BF /* ManuscriptTextView.swift in Sources */ = {isa = PBXBuildFile; fileRef = C007 /* ManuscriptTextView.swift */; };
		C061_BF /* ForkPopover.swift in Sources */ = {isa = PBXBuildFile; fileRef = C061 /* ForkPopover.swift */; };
		C008_BF /* SceneNavigatorView.swift in Sources */ = {isa = PBXBuildFile; fileRef = C008 /* SceneNavigatorView.swift */; };
		C010_BF /* ScriviEngine.swift in Sources */ = {isa = PBXBuildFile; fileRef = B010 /* ScriviEngine.swift */; };
		C011_BF /* ScriviError.swift in Sources */ = {isa = PBXBuildFile; fileRef = B011 /* ScriviError.swift */; };
		C020_BF /* libScriviCore.a in Frameworks */ = {isa = PBXBuildFile; fileRef = SCRIVI_CORE_LIB /* libScriviCore.a */; };
		C030_BF /* ProjectSettingsSheet.swift in Sources */ = {isa = PBXBuildFile; fileRef = C030 /* ProjectSettingsSheet.swift */; };
		C031_BF /* ProjectPreferences.swift in Sources */ = {isa = PBXBuildFile; fileRef = C031 /* ProjectPreferences.swift */; };
		C032_BF /* WindowFrameAutosave.swift in Sources */ = {isa = PBXBuildFile; fileRef = C032 /* WindowFrameAutosave.swift */; };
		C033_BF /* AboutView.swift in Sources */ = {isa = PBXBuildFile; fileRef = C033 /* AboutView.swift */; };
		C034_BF /* SceneInspectorView.swift in Sources */ = {isa = PBXBuildFile; fileRef = C034 /* SceneInspectorView.swift */; };
		C035_BF /* TimelineStripView.swift in Sources */ = {isa = PBXBuildFile; fileRef = C035 /* TimelineStripView.swift */; };
		C036_BF /* SpotlightDonor.swift in Sources */ = {isa = PBXBuildFile; fileRef = C036 /* SpotlightDonor.swift */; };
		C037_BF /* ProjectBookmarkStore.swift in Sources */ = {isa = PBXBuildFile; fileRef = C037 /* ProjectBookmarkStore.swift */; };
		C038_BF /* ScriviURL.swift in Sources */ = {isa = PBXBuildFile; fileRef = C038 /* ScriviURL.swift */; };
		C050_BF /* ProjectSession.swift in Sources */ = {isa = PBXBuildFile; fileRef = C050 /* ProjectSession.swift */; };
		C060_BF /* HistoryCapture.swift in Sources */ = {isa = PBXBuildFile; fileRef = C060 /* HistoryCapture.swift */; };
		C051_BF /* OpenProjectRegistry.swift in Sources */ = {isa = PBXBuildFile; fileRef = C051 /* OpenProjectRegistry.swift */; };
		C053_BF /* ProjectWindowManager.swift in Sources */ = {isa = PBXBuildFile; fileRef = C053 /* ProjectWindowManager.swift */; };
		C054_BF /* OpenSessionManifest.swift in Sources */ = {isa = PBXBuildFile; fileRef = C054 /* OpenSessionManifest.swift */; };
		C055_BF /* ProjectWindowFrameStore.swift in Sources */ = {isa = PBXBuildFile; fileRef = C055 /* ProjectWindowFrameStore.swift */; };
		D001_BF /* ScriviApp.swift in Sources */ = {isa = PBXBuildFile; fileRef = C001 /* ScriviApp.swift */; };
		D002_BF /* AppEnvironment.swift in Sources */ = {isa = PBXBuildFile; fileRef = C002 /* AppEnvironment.swift */; };
		D003_BF /* LandingView.swift in Sources */ = {isa = PBXBuildFile; fileRef = C003 /* LandingView.swift */; };
		D004_BF /* EditorView.swift in Sources */ = {isa = PBXBuildFile; fileRef = C004 /* EditorView.swift */; };
		D005_BF /* NewProjectSheet.swift in Sources */ = {isa = PBXBuildFile; fileRef = C005 /* NewProjectSheet.swift */; };
		D006_BF /* ViewportSceneLoader.swift in Sources */ = {isa = PBXBuildFile; fileRef = C006 /* ViewportSceneLoader.swift */; };
		D007_BF /* ManuscriptTextView.swift in Sources */ = {isa = PBXBuildFile; fileRef = C007 /* ManuscriptTextView.swift */; };
		D061_BF /* ForkPopover.swift in Sources */ = {isa = PBXBuildFile; fileRef = C061 /* ForkPopover.swift */; };
		D008_BF /* SceneNavigatorView.swift in Sources */ = {isa = PBXBuildFile; fileRef = C008 /* SceneNavigatorView.swift */; };
		D010_BF /* ScriviEngine.swift in Sources */ = {isa = PBXBuildFile; fileRef = B010 /* ScriviEngine.swift */; };
		D011_BF /* ScriviError.swift in Sources */ = {isa = PBXBuildFile; fileRef = B011 /* ScriviError.swift */; };
		D030_BF /* ProjectSettingsSheet.swift in Sources */ = {isa = PBXBuildFile; fileRef = C030 /* ProjectSettingsSheet.swift */; };
		D031_BF /* ProjectPreferences.swift in Sources */ = {isa = PBXBuildFile; fileRef = C031 /* ProjectPreferences.swift */; };
		D032_BF /* WindowFrameAutosave.swift in Sources */ = {isa = PBXBuildFile; fileRef = C032 /* WindowFrameAutosave.swift */; };
		D033_BF /* AboutView.swift in Sources */ = {isa = PBXBuildFile; fileRef = C033 /* AboutView.swift */; };
		D034_BF /* SceneInspectorView.swift in Sources */ = {isa = PBXBuildFile; fileRef = C034 /* SceneInspectorView.swift */; };
		D035_BF /* TimelineStripView.swift in Sources */ = {isa = PBXBuildFile; fileRef = C035 /* TimelineStripView.swift */; };
		D036_BF /* SpotlightDonor.swift in Sources */ = {isa = PBXBuildFile; fileRef = C036 /* SpotlightDonor.swift */; };
		D037_BF /* ProjectBookmarkStore.swift in Sources */ = {isa = PBXBuildFile; fileRef = C037 /* ProjectBookmarkStore.swift */; };
		D038_BF /* ScriviURL.swift in Sources */ = {isa = PBXBuildFile; fileRef = C038 /* ScriviURL.swift */; };
		D050_BF /* ProjectSession.swift in Sources */ = {isa = PBXBuildFile; fileRef = C050 /* ProjectSession.swift */; };
		D060_BF /* HistoryCapture.swift in Sources */ = {isa = PBXBuildFile; fileRef = C060 /* HistoryCapture.swift */; };
		D051_BF /* OpenProjectRegistry.swift in Sources */ = {isa = PBXBuildFile; fileRef = C051 /* OpenProjectRegistry.swift */; };
		D053_BF /* ProjectWindowManager.swift in Sources */ = {isa = PBXBuildFile; fileRef = C053 /* ProjectWindowManager.swift */; };
		D054_BF /* OpenSessionManifest.swift in Sources */ = {isa = PBXBuildFile; fileRef = C054 /* OpenSessionManifest.swift */; };
		D055_BF /* ProjectWindowFrameStore.swift in Sources */ = {isa = PBXBuildFile; fileRef = C055 /* ProjectWindowFrameStore.swift */; };
		E001_BF /* ScriviApp.swift in Sources */ = {isa = PBXBuildFile; fileRef = C001 /* ScriviApp.swift */; };
		E002_BF /* AppEnvironment.swift in Sources */ = {isa = PBXBuildFile; fileRef = C002 /* AppEnvironment.swift */; };
		E003_BF /* LandingView.swift in Sources */ = {isa = PBXBuildFile; fileRef = C003 /* LandingView.swift */; };
		E004_BF /* EditorView.swift in Sources */ = {isa = PBXBuildFile; fileRef = C004 /* EditorView.swift */; };
		E005_BF /* NewProjectSheet.swift in Sources */ = {isa = PBXBuildFile; fileRef = C005 /* NewProjectSheet.swift */; };
		E006_BF /* ViewportSceneLoader.swift in Sources */ = {isa = PBXBuildFile; fileRef = C006 /* ViewportSceneLoader.swift */; };
		E007_BF /* ManuscriptTextView.swift in Sources */ = {isa = PBXBuildFile; fileRef = C007 /* ManuscriptTextView.swift */; };
		E061_BF /* ForkPopover.swift in Sources */ = {isa = PBXBuildFile; fileRef = C061 /* ForkPopover.swift */; };
		E008_BF /* SceneNavigatorView.swift in Sources */ = {isa = PBXBuildFile; fileRef = C008 /* SceneNavigatorView.swift */; };
		E010_BF /* ScriviEngine.swift in Sources */ = {isa = PBXBuildFile; fileRef = B010 /* ScriviEngine.swift */; };
		E011_BF /* ScriviError.swift in Sources */ = {isa = PBXBuildFile; fileRef = B011 /* ScriviError.swift */; };
		E030_BF /* ProjectSettingsSheet.swift in Sources */ = {isa = PBXBuildFile; fileRef = C030 /* ProjectSettingsSheet.swift */; };
		E031_BF /* ProjectPreferences.swift in Sources */ = {isa = PBXBuildFile; fileRef = C031 /* ProjectPreferences.swift */; };
		E032_BF /* WindowFrameAutosave.swift in Sources */ = {isa = PBXBuildFile; fileRef = C032 /* WindowFrameAutosave.swift */; };
		E033_BF /* AboutView.swift in Sources */ = {isa = PBXBuildFile; fileRef = C033 /* AboutView.swift */; };
		E034_BF /* SceneInspectorView.swift in Sources */ = {isa = PBXBuildFile; fileRef = C034 /* SceneInspectorView.swift */; };
		E035_BF /* TimelineStripView.swift in Sources */ = {isa = PBXBuildFile; fileRef = C035 /* TimelineStripView.swift */; };
		E036_BF /* SpotlightDonor.swift in Sources */ = {isa = PBXBuildFile; fileRef = C036 /* SpotlightDonor.swift */; };
		E037_BF /* ProjectBookmarkStore.swift in Sources */ = {isa = PBXBuildFile; fileRef = C037 /* ProjectBookmarkStore.swift */; };
		E038_BF /* ScriviURL.swift in Sources */ = {isa = PBXBuildFile; fileRef = C038 /* ScriviURL.swift */; };
		E050_BF /* ProjectSession.swift in Sources */ = {isa = PBXBuildFile; fileRef = C050 /* ProjectSession.swift */; };
		E060_BF /* HistoryCapture.swift in Sources */ = {isa = PBXBuildFile; fileRef = C060 /* HistoryCapture.swift */; };
		E051_BF /* OpenProjectRegistry.swift in Sources */ = {isa = PBXBuildFile; fileRef = C051 /* OpenProjectRegistry.swift */; };
		E053_BF /* ProjectWindowManager.swift in Sources */ = {isa = PBXBuildFile; fileRef = C053 /* ProjectWindowManager.swift */; };
		E054_BF /* OpenSessionManifest.swift in Sources */ = {isa = PBXBuildFile; fileRef = C054 /* OpenSessionManifest.swift */; };
		E055_BF /* ProjectWindowFrameStore.swift in Sources */ = {isa = PBXBuildFile; fileRef = C055 /* ProjectWindowFrameStore.swift */; };
		F001_BF /* ScriviInteropTests.swift in Sources */ = {isa = PBXBuildFile; fileRef = F001 /* ScriviInteropTests.swift */; };
		F010_BF /* ScriviEngine.swift in Sources */ = {isa = PBXBuildFile; fileRef = B010 /* ScriviEngine.swift */; };
		F011_BF /* ScriviError.swift in Sources */ = {isa = PBXBuildFile; fileRef = B011 /* ScriviError.swift */; };
		F020_BF /* libScriviCore.a in Frameworks */ = {isa = PBXBuildFile; fileRef = SCRIVI_CORE_LIB /* libScriviCore.a */; };
/* End PBXBuildFile section */

/* Begin PBXContainerItemProxy section */
		DEP_APP_PROXY /* PBXContainerItemProxy */ = {
			isa = PBXContainerItemProxy;
			containerPortal = PROJECT /* Project object */;
			proxyType = 1;
			remoteGlobalIDString = C_TARGET;
			remoteInfo = ScriviApp;
		};
/* End PBXContainerItemProxy section */

/* Begin PBXFileReference section */
		ASSETS_REF /* Scrivi/Assets.xcassets */ = {isa = PBXFileReference; lastKnownFileType = folder.assetcatalog; path = Scrivi/Assets.xcassets; sourceTree = SOURCE_ROOT; };
		B010 /* ScriviEngine.swift */ = {isa = PBXFileReference; fileEncoding = 4; lastKnownFileType = sourcecode.swift; name = ScriviEngine.swift; path = Scrivi/Engine/ScriviEngine.swift; sourceTree = SOURCE_ROOT; };
		B011 /* ScriviError.swift */ = {isa = PBXFileReference; fileEncoding = 4; lastKnownFileType = sourcecode.swift; name = ScriviError.swift; path = Scrivi/Engine/ScriviError.swift; sourceTree = SOURCE_ROOT; };
		C001 /* ScriviApp.swift */ = {isa = PBXFileReference; fileEncoding = 4; lastKnownFileType = sourcecode.swift; name = ScriviApp.swift; path = Scrivi/App/ScriviApp.swift; sourceTree = SOURCE_ROOT; };
		C002 /* AppEnvironment.swift */ = {isa = PBXFileReference; fileEncoding = 4; lastKnownFileType = sourcecode.swift; name = AppEnvironment.swift; path = Scrivi/App/AppEnvironment.swift; sourceTree = SOURCE_ROOT; };
		C003 /* LandingView.swift */ = {isa = PBXFileReference; fileEncoding = 4; lastKnownFileType = sourcecode.swift; name = LandingView.swift; path = Scrivi/Views/LandingView.swift; sourceTree = SOURCE_ROOT; };
		C004 /* EditorView.swift */ = {isa = PBXFileReference; fileEncoding = 4; lastKnownFileType = sourcecode.swift; name = EditorView.swift; path = Scrivi/Views/EditorView.swift; sourceTree = SOURCE_ROOT; };
		C005 /* NewProjectSheet.swift */ = {isa = PBXFileReference; fileEncoding = 4; lastKnownFileType = sourcecode.swift; name = NewProjectSheet.swift; path = Scrivi/Views/NewProjectSheet.swift; sourceTree = SOURCE_ROOT; };
		C006 /* ViewportSceneLoader.swift */ = {isa = PBXFileReference; fileEncoding = 4; lastKnownFileType = sourcecode.swift; name = ViewportSceneLoader.swift; path = Scrivi/Views/ViewportSceneLoader.swift; sourceTree = SOURCE_ROOT; };
		C007 /* ManuscriptTextView.swift */ = {isa = PBXFileReference; fileEncoding = 4; lastKnownFileType = sourcecode.swift; name = ManuscriptTextView.swift; path = Scrivi/Views/ManuscriptTextView.swift; sourceTree = SOURCE_ROOT; };
		C061 /* ForkPopover.swift */ = {isa = PBXFileReference; fileEncoding = 4; lastKnownFileType = sourcecode.swift; name = ForkPopover.swift; path = Scrivi/Views/ForkPopover.swift; sourceTree = SOURCE_ROOT; };
		C008 /* SceneNavigatorView.swift */ = {isa = PBXFileReference; fileEncoding = 4; lastKnownFileType = sourcecode.swift; name = SceneNavigatorView.swift; path = Scrivi/Views/SceneNavigatorView.swift; sourceTree = SOURCE_ROOT; };
		C030 /* ProjectSettingsSheet.swift */ = {isa = PBXFileReference; fileEncoding = 4; lastKnownFileType = sourcecode.swift; name = ProjectSettingsSheet.swift; path = Scrivi/Views/ProjectSettingsSheet.swift; sourceTree = SOURCE_ROOT; };
		C031 /* ProjectPreferences.swift */ = {isa = PBXFileReference; fileEncoding = 4; lastKnownFileType = sourcecode.swift; name = ProjectPreferences.swift; path = Scrivi/App/ProjectPreferences.swift; sourceTree = SOURCE_ROOT; };
		C032 /* WindowFrameAutosave.swift */ = {isa = PBXFileReference; fileEncoding = 4; lastKnownFileType = sourcecode.swift; name = WindowFrameAutosave.swift; path = Scrivi/App/WindowFrameAutosave.swift; sourceTree = SOURCE_ROOT; };
		C033 /* AboutView.swift */ = {isa = PBXFileReference; fileEncoding = 4; lastKnownFileType = sourcecode.swift; name = AboutView.swift; path = Scrivi/Views/AboutView.swift; sourceTree = SOURCE_ROOT; };
		C034 /* SceneInspectorView.swift */ = {isa = PBXFileReference; fileEncoding = 4; lastKnownFileType = sourcecode.swift; name = SceneInspectorView.swift; path = Scrivi/Views/SceneInspectorView.swift; sourceTree = SOURCE_ROOT; };
		C035 /* TimelineStripView.swift */ = {isa = PBXFileReference; fileEncoding = 4; lastKnownFileType = sourcecode.swift; name = TimelineStripView.swift; path = Scrivi/Views/TimelineStripView.swift; sourceTree = SOURCE_ROOT; };
		C036 /* SpotlightDonor.swift */ = {isa = PBXFileReference; fileEncoding = 4; lastKnownFileType = sourcecode.swift; name = SpotlightDonor.swift; path = Scrivi/App/SpotlightDonor.swift; sourceTree = SOURCE_ROOT; };
		C037 /* ProjectBookmarkStore.swift */ = {isa = PBXFileReference; fileEncoding = 4; lastKnownFileType = sourcecode.swift; name = ProjectBookmarkStore.swift; path = Scrivi/App/ProjectBookmarkStore.swift; sourceTree = SOURCE_ROOT; };
		C038 /* ScriviURL.swift */ = {isa = PBXFileReference; fileEncoding = 4; lastKnownFileType = sourcecode.swift; name = ScriviURL.swift; path = Scrivi/App/ScriviURL.swift; sourceTree = SOURCE_ROOT; };
		C050 /* ProjectSession.swift */ = {isa = PBXFileReference; fileEncoding = 4; lastKnownFileType = sourcecode.swift; name = ProjectSession.swift; path = Scrivi/App/ProjectSession.swift; sourceTree = SOURCE_ROOT; };
		C060 /* HistoryCapture.swift */ = {isa = PBXFileReference; fileEncoding = 4; lastKnownFileType = sourcecode.swift; name = HistoryCapture.swift; path = Scrivi/App/HistoryCapture.swift; sourceTree = SOURCE_ROOT; };
		C051 /* OpenProjectRegistry.swift */ = {isa = PBXFileReference; fileEncoding = 4; lastKnownFileType = sourcecode.swift; name = OpenProjectRegistry.swift; path = Scrivi/App/OpenProjectRegistry.swift; sourceTree = SOURCE_ROOT; };
		C053 /* ProjectWindowManager.swift */ = {isa = PBXFileReference; fileEncoding = 4; lastKnownFileType = sourcecode.swift; name = ProjectWindowManager.swift; path = Scrivi/App/ProjectWindowManager.swift; sourceTree = SOURCE_ROOT; };
		C054 /* OpenSessionManifest.swift */ = {isa = PBXFileReference; fileEncoding = 4; lastKnownFileType = sourcecode.swift; name = OpenSessionManifest.swift; path = Scrivi/App/OpenSessionManifest.swift; sourceTree = SOURCE_ROOT; };
		C055 /* ProjectWindowFrameStore.swift */ = {isa = PBXFileReference; fileEncoding = 4; lastKnownFileType = sourcecode.swift; name = ProjectWindowFrameStore.swift; path = Scrivi/App/ProjectWindowFrameStore.swift; sourceTree = SOURCE_ROOT; };
		C_PRODUCT /* Scrivi.app */ = {isa = PBXFileReference; explicitFileType = wrapper.application; includeInIndex = 0; path = Scrivi.app; sourceTree = BUILT_PRODUCTS_DIR; };
		D_PRODUCT /* Scrivi.app */ = {isa = PBXFileReference; explicitFileType = wrapper.application; includeInIndex = 0; path = Scrivi.app; sourceTree = BUILT_PRODUCTS_DIR; };
		E_PRODUCT /* Scrivi.app */ = {isa = PBXFileReference; explicitFileType = wrapper.application; includeInIndex = 0; path = Scrivi.app; sourceTree = BUILT_PRODUCTS_DIR; };
		F001 /* ScriviInteropTests.swift */ = {isa = PBXFileReference; fileEncoding = 4; lastKnownFileType = sourcecode.swift; name = ScriviInteropTests.swift; path = Scrivi/Tests/ScriviInteropTests.swift; sourceTree = SOURCE_ROOT; };
		F_PRODUCT /* ScriviInteropTests.xctest */ = {isa = PBXFileReference; explicitFileType = wrapper.cfbundle; includeInIndex = 0; path = ScriviInteropTests.xctest; sourceTree = BUILT_PRODUCTS_DIR; };
		GRP_SCRIVI /* Scrivi */ = {isa = PBXFileReference; lastKnownFileType = folder; path = Scrivi; sourceTree = SOURCE_ROOT; };
		SCRIVI_CORE_LIB /* libScriviCore.a */ = {isa = PBXFileReference; explicitFileType = archive.ar; name = libScriviCore.a; path = build/ScriviCore/libScriviCore.a; sourceTree = SOURCE_ROOT; };
		SCRIVI_CORE_REF /* ScriviCore */ = {isa = PBXFileReference; lastKnownFileType = folder; path = ScriviCore; sourceTree = SOURCE_ROOT; };
		LINUX_PLATFORM_REF /* platforms/linux */ = {isa = PBXFileReference; lastKnownFileType = folder; name = "platforms/linux"; path = platforms/linux; sourceTree = SOURCE_ROOT; };
/* End PBXFileReference section */

/* Begin PBXFrameworksBuildPhase section */
		C_FW /* Frameworks */ = {
			isa = PBXFrameworksBuildPhase;
			buildActionMask = 2147483647;
			files = (
				C020_BF /* libScriviCore.a in Frameworks */,
			);
			runOnlyForDeploymentPostprocessing = 0;
		};
		D_FW /* Frameworks */ = {
			isa = PBXFrameworksBuildPhase;
			buildActionMask = 2147483647;
			files = (
			);
			runOnlyForDeploymentPostprocessing = 0;
		};
		E_FW /* Frameworks */ = {
			isa = PBXFrameworksBuildPhase;
			buildActionMask = 2147483647;
			files = (
			);
			runOnlyForDeploymentPostprocessing = 0;
		};
		F_FW /* Frameworks */ = {
			isa = PBXFrameworksBuildPhase;
			buildActionMask = 2147483647;
			files = (
				F020_BF /* libScriviCore.a in Frameworks */,
			);
			runOnlyForDeploymentPostprocessing = 0;
		};
/* End PBXFrameworksBuildPhase section */

/* Begin PBXGroup section */
		GRP_PRODUCTS /* Products */ = {
			isa = PBXGroup;
			children = (
				C_PRODUCT /* Scrivi.app */,
				D_PRODUCT /* Scrivi.app */,
				E_PRODUCT /* Scrivi.app */,
				F_PRODUCT /* ScriviInteropTests.xctest */,
			);
			name = Products;
			sourceTree = "<group>";
		};
		GRP_ROOT = {
			isa = PBXGroup;
			children = (
				GRP_SCRIVI /* Scrivi */,
				SCRIVI_CORE_REF /* ScriviCore */,
				LINUX_PLATFORM_REF /* platforms/linux */,
				GRP_PRODUCTS /* Products */,
				GRP_SOURCES /* Sources */,
			);
			sourceTree = "<group>";
		};
		GRP_SOURCES /* Sources */ = {
			isa = PBXGroup;
			children = (
				B010 /* ScriviEngine.swift */,
				B011 /* ScriviError.swift */,
				C001 /* ScriviApp.swift */,
				C002 /* AppEnvironment.swift */,
				C003 /* LandingView.swift */,
				C004 /* EditorView.swift */,
				C005 /* NewProjectSheet.swift */,
				C006 /* ViewportSceneLoader.swift */,
				C007 /* ManuscriptTextView.swift */,
				C061 /* ForkPopover.swift */,
				C008 /* SceneNavigatorView.swift */,
				C030 /* ProjectSettingsSheet.swift */,
				C031 /* ProjectPreferences.swift */,
				C032 /* WindowFrameAutosave.swift */,
				C033 /* AboutView.swift */,
				C034 /* SceneInspectorView.swift */,
				C035 /* TimelineStripView.swift */,
				C036 /* SpotlightDonor.swift */,
				C037 /* ProjectBookmarkStore.swift */,
				C038 /* ScriviURL.swift */,
				C050 /* ProjectSession.swift */,
				C060 /* HistoryCapture.swift */,
				C051 /* OpenProjectRegistry.swift */,
				C053 /* ProjectWindowManager.swift */,
				C054 /* OpenSessionManifest.swift */,
				C055 /* ProjectWindowFrameStore.swift */,
				SCRIVI_CORE_LIB /* libScriviCore.a */,
				F001 /* ScriviInteropTests.swift */,
				ASSETS_REF /* Scrivi/Assets.xcassets */,
			);
			name = Sources;
			sourceTree = "<group>";
		};
/* End PBXGroup section */

/* Begin PBXNativeTarget section */
		C_TARGET /* ScriviApp */ = {
			isa = PBXNativeTarget;
			buildConfigurationList = C_BCL /* Build configuration list for PBXNativeTarget "ScriviApp" */;
			buildPhases = (
				C_CMAKE_PHASE /* Build ScriviCore (CMake) */,
				C_SOURCES /* Sources */,
				C_RESOURCES /* Resources */,
				C_FW /* Frameworks */,
			);
			buildRules = (
			);
			dependencies = (
			);
			name = ScriviApp;
			productName = ScriviApp;
			productReference = C_PRODUCT /* Scrivi.app */;
			productType = "com.apple.product-type.application";
		};
		D_TARGET /* ScriviApp-iOS */ = {
			isa = PBXNativeTarget;
			buildConfigurationList = D_BCL /* Build configuration list for PBXNativeTarget "ScriviApp-iOS" */;
			buildPhases = (
				D_CMAKE_PHASE /* Build ScriviCore for iOS (CMake) */,
				D_SOURCES /* Sources */,
				D_FW /* Frameworks */,
				86BF02832FEDE0A600531EAC /* Resources */,
			);
			buildRules = (
			);
			dependencies = (
			);
			name = "ScriviApp-iOS";
			productName = "ScriviApp-iOS";
			productReference = D_PRODUCT /* Scrivi.app */;
			productType = "com.apple.product-type.application";
		};
		E_TARGET /* ScriviApp-visionOS */ = {
			isa = PBXNativeTarget;
			buildConfigurationList = E_BCL /* Build configuration list for PBXNativeTarget "ScriviApp-visionOS" */;
			buildPhases = (
				E_SOURCES /* Sources */,
				E_FW /* Frameworks */,
				86BF02852FEDE0B700531EAC /* Resources */,
			);
			buildRules = (
			);
			dependencies = (
			);
			name = "ScriviApp-visionOS";
			productName = "ScriviApp-visionOS";
			productReference = E_PRODUCT /* Scrivi.app */;
			productType = "com.apple.product-type.application";
		};
		F_TARGET /* ScriviInteropTests */ = {
			isa = PBXNativeTarget;
			buildConfigurationList = F_BCL /* Build configuration list for PBXNativeTarget "ScriviInteropTests" */;
			buildPhases = (
				F_SOURCES /* Sources */,
				F_FW /* Frameworks */,
			);
			buildRules = (
			);
			dependencies = (
				DEP_APP_TESTS /* PBXTargetDependency */,
			);
			name = ScriviInteropTests;
			productName = ScriviInteropTests;
			productReference = F_PRODUCT /* ScriviInteropTests.xctest */;
			productType = "com.apple.product-type.bundle.unit-test";
		};
/* End PBXNativeTarget section */

/* Begin PBXProject section */
		PROJECT /* Project object */ = {
			isa = PBXProject;
			attributes = {
				BuildIndependentTargetsInParallel = 1;
				LastSwiftUpdateCheck = 2700;
				LastUpgradeCheck = 2700;
				TargetAttributes = {
					C_TARGET = {
						SystemCapabilities = {
							com.apple.Sandbox = {
								enabled = 1;
							};
						};
					};
					F_TARGET = {
						TestTargetID = C_TARGET;
					};
				};
			};
			buildConfigurationList = PROJ_BCL /* Build configuration list for PBXProject "Scrivi" */;
			compatibilityVersion = "Xcode 14.0";
			developmentRegion = en;
			hasScannedForEncodings = 0;
			knownRegions = (
				en,
				Base,
			);
			mainGroup = GRP_ROOT;
			productRefGroup = GRP_PRODUCTS /* Products */;
			projectDirPath = "";
			projectRoot = "";
			targets = (
				C_TARGET /* ScriviApp */,
				D_TARGET /* ScriviApp-iOS */,
				E_TARGET /* ScriviApp-visionOS */,
				F_TARGET /* ScriviInteropTests */,
			);
		};
/* End PBXProject section */

/* Begin PBXResourcesBuildPhase section */
		86BF02832FEDE0A600531EAC /* Resources */ = {
			isa = PBXResourcesBuildPhase;
			buildActionMask = 2147483647;
			files = (
				86BF02842FEDE0AE00531EAC /* Scrivi/Assets.xcassets in Resources */,
			);
			runOnlyForDeploymentPostprocessing = 0;
		};
		86BF02852FEDE0B700531EAC /* Resources */ = {
			isa = PBXResourcesBuildPhase;
			buildActionMask = 2147483647;
			files = (
				86BF02862FEDE0BF00531EAC /* Scrivi/Assets.xcassets in Resources */,
			);
			runOnlyForDeploymentPostprocessing = 0;
		};
		C_RESOURCES /* Resources */ = {
			isa = PBXResourcesBuildPhase;
			buildActionMask = 2147483647;
			files = (
				ASSETS_BF /* Scrivi/Assets.xcassets in Resources */,
			);
			runOnlyForDeploymentPostprocessing = 0;
		};
/* End PBXResourcesBuildPhase section */

/* Begin PBXShellScriptBuildPhase section */
		C_CMAKE_PHASE /* Build ScriviCore (CMake) */ = {
			isa = PBXShellScriptBuildPhase;
			alwaysOutOfDate = 1;
			buildActionMask = 2147483647;
			files = (
			);
			inputFileListPaths = (
			);
			inputPaths = (
			);
			name = "Build ScriviCore (CMake)";
			outputFileListPaths = (
			);
			outputPaths = (
			);
			runOnlyForDeploymentPostprocessing = 0;
			shellPath = /bin/zsh;
			shellScript = "set -e\nexport PATH=\"/opt/homebrew/bin:$PATH\"\ncd \"$SRCROOT\"\ncmake -S . -B build -DSCRIVI_BUILD_TESTS=OFF -DCMAKE_BUILD_TYPE=Debug\ncmake --build build --parallel\n";
		};
		D_CMAKE_PHASE /* Build ScriviCore for iOS (CMake) */ = {
			isa = PBXShellScriptBuildPhase;
			alwaysOutOfDate = 1;
			buildActionMask = 2147483647;
			files = (
			);
			inputFileListPaths = (
			);
			inputPaths = (
			);
			name = "Build ScriviCore for iOS (CMake)";
			outputFileListPaths = (
			);
			outputPaths = (
			);
			runOnlyForDeploymentPostprocessing = 0;
			shellPath = /bin/zsh;
			shellScript = "set -e\nexport PATH=\"/opt/homebrew/bin:$PATH\"\ncd \"$SRCROOT\"\n# Cross-build ScriviCore for the iOS SDK currently selected by Xcode.\n# $SDKROOT, $ARCHS, $PLATFORM_NAME come from the build; a per-platform build dir\n# (build-$PLATFORM_NAME) keeps simulator and device slices separate.\nBUILD_DIR=\"build-${PLATFORM_NAME}\"\nARCH_LIST=\"${ARCHS// /;}\"\ncmake -S . -B \"$BUILD_DIR\" \\\n  -DSCRIVI_BUILD_TESTS=OFF \\\n  -DCMAKE_BUILD_TYPE=Debug \\\n  -DCMAKE_SYSTEM_NAME=iOS \\\n  -DCMAKE_OSX_SYSROOT=\"$SDKROOT\" \\\n  -DCMAKE_OSX_ARCHITECTURES=\"$ARCH_LIST\" \\\n  -DCMAKE_OSX_DEPLOYMENT_TARGET=\"$IPHONEOS_DEPLOYMENT_TARGET\"\ncmake --build \"$BUILD_DIR\" --parallel\n";
		};
/* End PBXShellScriptBuildPhase section */

/* Begin PBXSourcesBuildPhase section */
		C_SOURCES /* Sources */ = {
			isa = PBXSourcesBuildPhase;
			buildActionMask = 2147483647;
			files = (
				C010_BF /* ScriviEngine.swift in Sources */,
				C011_BF /* ScriviError.swift in Sources */,
				C001_BF /* ScriviApp.swift in Sources */,
				C002_BF /* AppEnvironment.swift in Sources */,
				C003_BF /* LandingView.swift in Sources */,
				C004_BF /* EditorView.swift in Sources */,
				C005_BF /* NewProjectSheet.swift in Sources */,
				C006_BF /* ViewportSceneLoader.swift in Sources */,
				C007_BF /* ManuscriptTextView.swift in Sources */,
				C061_BF /* ForkPopover.swift in Sources */,
				C008_BF /* SceneNavigatorView.swift in Sources */,
				C030_BF /* ProjectSettingsSheet.swift in Sources */,
				C031_BF /* ProjectPreferences.swift in Sources */,
				C032_BF /* WindowFrameAutosave.swift in Sources */,
				C033_BF /* AboutView.swift in Sources */,
				C034_BF /* SceneInspectorView.swift in Sources */,
				C035_BF /* TimelineStripView.swift in Sources */,
				C036_BF /* SpotlightDonor.swift in Sources */,
				C037_BF /* ProjectBookmarkStore.swift in Sources */,
				C038_BF /* ScriviURL.swift in Sources */,
				C050_BF /* ProjectSession.swift in Sources */,
				C060_BF /* HistoryCapture.swift in Sources */,
				C051_BF /* OpenProjectRegistry.swift in Sources */,
				C053_BF /* ProjectWindowManager.swift in Sources */,
				C054_BF /* OpenSessionManifest.swift in Sources */,
				C055_BF /* ProjectWindowFrameStore.swift in Sources */,
			);
			runOnlyForDeploymentPostprocessing = 0;
		};
		D_SOURCES /* Sources */ = {
			isa = PBXSourcesBuildPhase;
			buildActionMask = 2147483647;
			files = (
				D010_BF /* ScriviEngine.swift in Sources */,
				D011_BF /* ScriviError.swift in Sources */,
				D001_BF /* ScriviApp.swift in Sources */,
				D002_BF /* AppEnvironment.swift in Sources */,
				D003_BF /* LandingView.swift in Sources */,
				D004_BF /* EditorView.swift in Sources */,
				D005_BF /* NewProjectSheet.swift in Sources */,
				D006_BF /* ViewportSceneLoader.swift in Sources */,
				D007_BF /* ManuscriptTextView.swift in Sources */,
				D061_BF /* ForkPopover.swift in Sources */,
				D008_BF /* SceneNavigatorView.swift in Sources */,
				D030_BF /* ProjectSettingsSheet.swift in Sources */,
				D031_BF /* ProjectPreferences.swift in Sources */,
				D032_BF /* WindowFrameAutosave.swift in Sources */,
				D033_BF /* AboutView.swift in Sources */,
				D034_BF /* SceneInspectorView.swift in Sources */,
				D035_BF /* TimelineStripView.swift in Sources */,
				D036_BF /* SpotlightDonor.swift in Sources */,
				D037_BF /* ProjectBookmarkStore.swift in Sources */,
				D038_BF /* ScriviURL.swift in Sources */,
				D050_BF /* ProjectSession.swift in Sources */,
				D060_BF /* HistoryCapture.swift in Sources */,
				D051_BF /* OpenProjectRegistry.swift in Sources */,
				D053_BF /* ProjectWindowManager.swift in Sources */,
				D054_BF /* OpenSessionManifest.swift in Sources */,
				D055_BF /* ProjectWindowFrameStore.swift in Sources */,
			);
			runOnlyForDeploymentPostprocessing = 0;
		};
		E_SOURCES /* Sources */ = {
			isa = PBXSourcesBuildPhase;
			buildActionMask = 2147483647;
			files = (
				E010_BF /* ScriviEngine.swift in Sources */,
				E011_BF /* ScriviError.swift in Sources */,
				E001_BF /* ScriviApp.swift in Sources */,
				E002_BF /* AppEnvironment.swift in Sources */,
				E003_BF /* LandingView.swift in Sources */,
				E004_BF /* EditorView.swift in Sources */,
				E005_BF /* NewProjectSheet.swift in Sources */,
				E006_BF /* ViewportSceneLoader.swift in Sources */,
				E007_BF /* ManuscriptTextView.swift in Sources */,
				E061_BF /* ForkPopover.swift in Sources */,
				E008_BF /* SceneNavigatorView.swift in Sources */,
				E030_BF /* ProjectSettingsSheet.swift in Sources */,
				E031_BF /* ProjectPreferences.swift in Sources */,
				E032_BF /* WindowFrameAutosave.swift in Sources */,
				E033_BF /* AboutView.swift in Sources */,
				E034_BF /* SceneInspectorView.swift in Sources */,
				E035_BF /* TimelineStripView.swift in Sources */,
				E036_BF /* SpotlightDonor.swift in Sources */,
				E037_BF /* ProjectBookmarkStore.swift in Sources */,
				E038_BF /* ScriviURL.swift in Sources */,
				E050_BF /* ProjectSession.swift in Sources */,
				E060_BF /* HistoryCapture.swift in Sources */,
				E051_BF /* OpenProjectRegistry.swift in Sources */,
				E053_BF /* ProjectWindowManager.swift in Sources */,
				E054_BF /* OpenSessionManifest.swift in Sources */,
				E055_BF /* ProjectWindowFrameStore.swift in Sources */,
			);
			runOnlyForDeploymentPostprocessing = 0;
		};
		F_SOURCES /* Sources */ = {
			isa = PBXSourcesBuildPhase;
			buildActionMask = 2147483647;
			files = (
				F010_BF /* ScriviEngine.swift in Sources */,
				F011_BF /* ScriviError.swift in Sources */,
				F001_BF /* ScriviInteropTests.swift in Sources */,
			);
			runOnlyForDeploymentPostprocessing = 0;
		};
/* End PBXSourcesBuildPhase section */

/* Begin PBXTargetDependency section */
		DEP_APP_TESTS /* PBXTargetDependency */ = {
			isa = PBXTargetDependency;
			target = C_TARGET /* ScriviApp */;
			targetProxy = DEP_APP_PROXY /* PBXContainerItemProxy */;
		};
/* End PBXTargetDependency section */

/* Begin XCBuildConfiguration section */
		C_BC_DEBUG /* Debug */ = {
			isa = XCBuildConfiguration;
			buildSettings = {
				ASSETCATALOG_COMPILER_APPICON_NAME = AppIconMacOS;
				ASSETCATALOG_COMPILER_INCLUDE_ALL_APPICON_ASSETS = YES;
				AUTOMATION_APPLE_EVENTS = NO;
				CODE_SIGN_ENTITLEMENTS = "$(SRCROOT)/Scrivi/App/Scrivi.entitlements";
				CODE_SIGN_STYLE = Automatic;
				COMBINE_HIDPI_IMAGES = YES;
				DEAD_CODE_STRIPPING = YES;
				ENABLE_APP_SANDBOX = YES;
				ENABLE_FILE_ACCESS_MUSIC_FOLDER = readonly;
				ENABLE_FILE_ACCESS_PICTURE_FOLDER = readonly;
				ENABLE_HARDENED_RUNTIME = YES;
				ENABLE_INCOMING_NETWORK_CONNECTIONS = NO;
				ENABLE_OUTGOING_NETWORK_CONNECTIONS = YES;
				ENABLE_RESOURCE_ACCESS_AUDIO_INPUT = NO;
				ENABLE_RESOURCE_ACCESS_BLUETOOTH = NO;
				ENABLE_RESOURCE_ACCESS_CALENDARS = NO;
				ENABLE_RESOURCE_ACCESS_CAMERA = NO;
				ENABLE_RESOURCE_ACCESS_CONTACTS = NO;
				ENABLE_RESOURCE_ACCESS_LOCATION = NO;
				ENABLE_RESOURCE_ACCESS_PHOTO_LIBRARY = YES;
				ENABLE_RESOURCE_ACCESS_PRINTING = NO;
				ENABLE_RESOURCE_ACCESS_USB = NO;
				INFOPLIST_FILE = "$(SRCROOT)/Scrivi/App/Info.plist";
				INFOPLIST_KEY_CFBundleDisplayName = Scrivi;
				LD_RUNPATH_SEARCH_PATHS = (
					"$(inherited)",
					"@executable_path/../Frameworks",
				);
				LIBRARY_SEARCH_PATHS = "$(SRCROOT)/build/ScriviCore";
				MACOSX_DEPLOYMENT_TARGET = 27.0;
				OTHER_LDFLAGS = (
					"$(inherited)",
					"-framework",
					Security,
					"-lc++",
				);
				PRODUCT_BUNDLE_IDENTIFIER = com.caposoft.scrivi;
				PRODUCT_MODULE_NAME = ScriviApp;
				PRODUCT_NAME = Scrivi;
				RUNTIME_EXCEPTION_ALLOW_DYLD_ENVIRONMENT_VARIABLES = NO;
				RUNTIME_EXCEPTION_ALLOW_JIT = NO;
				RUNTIME_EXCEPTION_ALLOW_UNSIGNED_EXECUTABLE_MEMORY = NO;
				RUNTIME_EXCEPTION_DEBUGGING_TOOL = NO;
				RUNTIME_EXCEPTION_DISABLE_EXECUTABLE_PAGE_PROTECTION = NO;
				RUNTIME_EXCEPTION_DISABLE_LIBRARY_VALIDATION = NO;
				SDKROOT = macosx;
				SWIFT_ACTIVE_COMPILATION_CONDITIONS = DEBUG;
				SWIFT_INCLUDE_PATHS = "$(SRCROOT)/ScriviCore/include/scrivi";
				SWIFT_OPTIMIZATION_LEVEL = "-Onone";
				SWIFT_VERSION = 6.0;
			};
			name = Debug;
		};
		C_BC_RELEASE /* Release */ = {
			isa = XCBuildConfiguration;
			buildSettings = {
				ASSETCATALOG_COMPILER_APPICON_NAME = AppIconMacOS;
				ASSETCATALOG_COMPILER_INCLUDE_ALL_APPICON_ASSETS = YES;
				AUTOMATION_APPLE_EVENTS = NO;
				CODE_SIGN_ENTITLEMENTS = "$(SRCROOT)/Scrivi/App/Scrivi.entitlements";
				CODE_SIGN_STYLE = Automatic;
				COMBINE_HIDPI_IMAGES = YES;
				DEAD_CODE_STRIPPING = YES;
				ENABLE_APP_SANDBOX = YES;
				ENABLE_FILE_ACCESS_MUSIC_FOLDER = readonly;
				ENABLE_FILE_ACCESS_PICTURE_FOLDER = readonly;
				ENABLE_HARDENED_RUNTIME = YES;
				ENABLE_INCOMING_NETWORK_CONNECTIONS = NO;
				ENABLE_OUTGOING_NETWORK_CONNECTIONS = YES;
				ENABLE_RESOURCE_ACCESS_AUDIO_INPUT = NO;
				ENABLE_RESOURCE_ACCESS_BLUETOOTH = NO;
				ENABLE_RESOURCE_ACCESS_CALENDARS = NO;
				ENABLE_RESOURCE_ACCESS_CAMERA = NO;
				ENABLE_RESOURCE_ACCESS_CONTACTS = NO;
				ENABLE_RESOURCE_ACCESS_LOCATION = NO;
				ENABLE_RESOURCE_ACCESS_PHOTO_LIBRARY = YES;
				ENABLE_RESOURCE_ACCESS_PRINTING = NO;
				ENABLE_RESOURCE_ACCESS_USB = NO;
				INFOPLIST_FILE = "$(SRCROOT)/Scrivi/App/Info.plist";
				INFOPLIST_KEY_CFBundleDisplayName = Scrivi;
				LD_RUNPATH_SEARCH_PATHS = (
					"$(inherited)",
					"@executable_path/../Frameworks",
				);
				LIBRARY_SEARCH_PATHS = "$(SRCROOT)/build/ScriviCore";
				MACOSX_DEPLOYMENT_TARGET = 27.0;
				OTHER_LDFLAGS = (
					"$(inherited)",
					"-framework",
					Security,
					"-lc++",
				);
				PRODUCT_BUNDLE_IDENTIFIER = com.caposoft.scrivi;
				PRODUCT_MODULE_NAME = ScriviApp;
				PRODUCT_NAME = Scrivi;
				RUNTIME_EXCEPTION_ALLOW_DYLD_ENVIRONMENT_VARIABLES = NO;
				RUNTIME_EXCEPTION_ALLOW_JIT = NO;
				RUNTIME_EXCEPTION_ALLOW_UNSIGNED_EXECUTABLE_MEMORY = NO;
				RUNTIME_EXCEPTION_DEBUGGING_TOOL = NO;
				RUNTIME_EXCEPTION_DISABLE_EXECUTABLE_PAGE_PROTECTION = NO;
				RUNTIME_EXCEPTION_DISABLE_LIBRARY_VALIDATION = NO;
				SDKROOT = macosx;
				SWIFT_INCLUDE_PATHS = "$(SRCROOT)/ScriviCore/include/scrivi";
				SWIFT_OPTIMIZATION_LEVEL = "-O";
				SWIFT_VERSION = 6.0;
			};
			name = Release;
		};
		D_BC_DEBUG /* Debug */ = {
			isa = XCBuildConfiguration;
			buildSettings = {
				ASSETCATALOG_COMPILER_APPICON_NAME = AppIconIOS;
				ASSETCATALOG_COMPILER_INCLUDE_ALL_APPICON_ASSETS = YES;
				CODE_SIGN_STYLE = Automatic;
				GENERATE_INFOPLIST_FILE = YES;
				INFOPLIST_KEY_CFBundleDisplayName = Scrivi;
				INFOPLIST_KEY_LSApplicationCategoryType = "public.app-category.productivity";
				INFOPLIST_KEY_UIStatusBarHidden = YES;
				INFOPLIST_KEY_UISupportedInterfaceOrientations = "UIInterfaceOrientationLandscapeLeft UIInterfaceOrientationLandscapeRight UIInterfaceOrientationPortrait";
				INFOPLIST_KEY_UISupportedInterfaceOrientations_iPad = "UIInterfaceOrientationLandscapeLeft UIInterfaceOrientationLandscapeRight UIInterfaceOrientationPortrait UIInterfaceOrientationPortraitUpsideDown";
				IPHONEOS_DEPLOYMENT_TARGET = 27.0;
				LIBRARY_SEARCH_PATHS = "$(SRCROOT)/build-$(PLATFORM_NAME)/ScriviCore";
				MARKETING_VERSION = 1.0;
				OTHER_LDFLAGS = (
					"$(inherited)",
					"-lScriviCore",
					"-lc++",
				);
				PRODUCT_BUNDLE_IDENTIFIER = com.caposoft.scrivi;
				PRODUCT_NAME = Scrivi;
				SDKROOT = iphoneos;
				SWIFT_ACTIVE_COMPILATION_CONDITIONS = DEBUG;
				SWIFT_INCLUDE_PATHS = "$(SRCROOT)/ScriviCore/include/scrivi";
				SWIFT_OPTIMIZATION_LEVEL = "-Onone";
				SWIFT_VERSION = 6.0;
				TARGETED_DEVICE_FAMILY = "1,2";
			};
			name = Debug;
		};
		D_BC_RELEASE /* Release */ = {
			isa = XCBuildConfiguration;
			buildSettings = {
				ASSETCATALOG_COMPILER_APPICON_NAME = AppIconIOS;
				ASSETCATALOG_COMPILER_INCLUDE_ALL_APPICON_ASSETS = YES;
				CODE_SIGN_STYLE = Automatic;
				GENERATE_INFOPLIST_FILE = YES;
				INFOPLIST_KEY_CFBundleDisplayName = Scrivi;
				INFOPLIST_KEY_LSApplicationCategoryType = "public.app-category.productivity";
				INFOPLIST_KEY_UIStatusBarHidden = YES;
				INFOPLIST_KEY_UISupportedInterfaceOrientations = "UIInterfaceOrientationLandscapeLeft UIInterfaceOrientationLandscapeRight UIInterfaceOrientationPortrait";
				INFOPLIST_KEY_UISupportedInterfaceOrientations_iPad = "UIInterfaceOrientationLandscapeLeft UIInterfaceOrientationLandscapeRight UIInterfaceOrientationPortrait UIInterfaceOrientationPortraitUpsideDown";
				IPHONEOS_DEPLOYMENT_TARGET = 27.0;
				LIBRARY_SEARCH_PATHS = "$(SRCROOT)/build-$(PLATFORM_NAME)/ScriviCore";
				MARKETING_VERSION = 1.0;
				OTHER_LDFLAGS = (
					"$(inherited)",
					"-lScriviCore",
					"-lc++",
				);
				PRODUCT_BUNDLE_IDENTIFIER = com.caposoft.scrivi;
				PRODUCT_NAME = Scrivi;
				SDKROOT = iphoneos;
				SWIFT_INCLUDE_PATHS = "$(SRCROOT)/ScriviCore/include/scrivi";
				SWIFT_OPTIMIZATION_LEVEL = "-O";
				SWIFT_VERSION = 6.0;
				TARGETED_DEVICE_FAMILY = "1,2";
			};
			name = Release;
		};
		E_BC_DEBUG /* Debug */ = {
			isa = XCBuildConfiguration;
			buildSettings = {
				ASSETCATALOG_COMPILER_APPICON_NAME = AppIconVisionOS;
				ASSETCATALOG_COMPILER_INCLUDE_ALL_APPICON_ASSETS = YES;
				CODE_SIGN_STYLE = Automatic;
				GENERATE_INFOPLIST_FILE = YES;
				PRODUCT_BUNDLE_IDENTIFIER = com.caposoft.scrivi;
				PRODUCT_NAME = Scrivi;
				SDKROOT = xros;
				SWIFT_ACTIVE_COMPILATION_CONDITIONS = DEBUG;
				SWIFT_OPTIMIZATION_LEVEL = "-Onone";
				SWIFT_VERSION = 6.0;
				XROS_DEPLOYMENT_TARGET = 27.0;
			};
			name = Debug;
		};
		E_BC_RELEASE /* Release */ = {
			isa = XCBuildConfiguration;
			buildSettings = {
				ASSETCATALOG_COMPILER_APPICON_NAME = AppIconVisionOS;
				ASSETCATALOG_COMPILER_INCLUDE_ALL_APPICON_ASSETS = YES;
				CODE_SIGN_STYLE = Automatic;
				GENERATE_INFOPLIST_FILE = YES;
				PRODUCT_BUNDLE_IDENTIFIER = com.caposoft.scrivi;
				PRODUCT_NAME = Scrivi;
				SDKROOT = xros;
				SWIFT_OPTIMIZATION_LEVEL = "-O";
				SWIFT_VERSION = 6.0;
				XROS_DEPLOYMENT_TARGET = 27.0;
			};
			name = Release;
		};
		F_BC_DEBUG /* Debug */ = {
			isa = XCBuildConfiguration;
			buildSettings = {
				BUNDLE_LOADER = "$(TEST_HOST)";
				CODE_SIGN_STYLE = Automatic;
				DEAD_CODE_STRIPPING = YES;
				GENERATE_INFOPLIST_FILE = YES;
				LIBRARY_SEARCH_PATHS = "$(SRCROOT)/build/ScriviCore";
				MACOSX_DEPLOYMENT_TARGET = 27.0;
				PRODUCT_BUNDLE_IDENTIFIER = com.caposoft.scrivi.tests;
				PRODUCT_NAME = ScriviInteropTests;
				SDKROOT = macosx;
				SWIFT_ACTIVE_COMPILATION_CONDITIONS = DEBUG;
				SWIFT_INCLUDE_PATHS = "$(SRCROOT)/ScriviCore/include/scrivi";
				SWIFT_OPTIMIZATION_LEVEL = "-Onone";
				SWIFT_VERSION = 6.0;
				TEST_HOST = "$(BUILT_PRODUCTS_DIR)/Scrivi.app/Contents/MacOS/Scrivi";
			};
			name = Debug;
		};
		F_BC_RELEASE /* Release */ = {
			isa = XCBuildConfiguration;
			buildSettings = {
				BUNDLE_LOADER = "$(TEST_HOST)";
				CODE_SIGN_STYLE = Automatic;
				DEAD_CODE_STRIPPING = YES;
				GENERATE_INFOPLIST_FILE = YES;
				LIBRARY_SEARCH_PATHS = "$(SRCROOT)/build/ScriviCore";
				MACOSX_DEPLOYMENT_TARGET = 27.0;
				PRODUCT_BUNDLE_IDENTIFIER = com.caposoft.scrivi.tests;
				PRODUCT_NAME = ScriviInteropTests;
				SDKROOT = macosx;
				SWIFT_INCLUDE_PATHS = "$(SRCROOT)/ScriviCore/include/scrivi";
				SWIFT_OPTIMIZATION_LEVEL = "-O";
				SWIFT_VERSION = 6.0;
				TEST_HOST = "$(BUILT_PRODUCTS_DIR)/Scrivi.app/Contents/MacOS/Scrivi";
			};
			name = Release;
		};
		PROJ_BC_DEBUG /* Debug */ = {
			isa = XCBuildConfiguration;
			buildSettings = {
				ALWAYS_SEARCH_USER_PATHS = NO;
				CLANG_ENABLE_MODULES = YES;
				CLANG_ENABLE_OBJC_ARC = YES;
				CLANG_WARN_BLOCK_CAPTURE_AUTORELEASING = YES;
				CLANG_WARN_BOOL_CONVERSION = YES;
				CLANG_WARN_COMMA = YES;
				CLANG_WARN_CONSTANT_CONVERSION = YES;
				CLANG_WARN_DEPRECATED_OBJC_IMPLEMENTATIONS = YES;
				CLANG_WARN_EMPTY_BODY = YES;
				CLANG_WARN_ENUM_CONVERSION = YES;
				CLANG_WARN_INFINITE_RECURSION = YES;
				CLANG_WARN_INT_CONVERSION = YES;
				CLANG_WARN_NON_LITERAL_NULL_CONVERSION = YES;
				CLANG_WARN_OBJC_IMPLICIT_RETAIN_SELF = YES;
				CLANG_WARN_OBJC_LITERAL_CONVERSION = YES;
				CLANG_WARN_QUOTED_INCLUDE_IN_FRAMEWORK_HEADER = YES;
				CLANG_WARN_RANGE_LOOP_ANALYSIS = YES;
				CLANG_WARN_STRICT_PROTOTYPES = YES;
				CLANG_WARN_SUSPICIOUS_MOVE = YES;
				CLANG_WARN_UNREACHABLE_CODE = YES;
				CLANG_WARN__DUPLICATE_METHOD_MATCH = YES;
				COPY_PHASE_STRIP = NO;
				DEAD_CODE_STRIPPING = YES;
				DEBUG_INFORMATION_FORMAT = dwarf;
				DEVELOPMENT_TEAM = QEJ2Z74RY9;
				ENABLE_STRICT_OBJC_MSGSEND = YES;
				ENABLE_TESTABILITY = YES;
				ENABLE_USER_SCRIPT_SANDBOXING = NO;
				GCC_C_LANGUAGE_STANDARD = gnu11;
				GCC_DYNAMIC_NO_PIC = NO;
				GCC_NO_COMMON_BLOCKS = YES;
				GCC_OPTIMIZATION_LEVEL = 0;
				GCC_PREPROCESSOR_DEFINITIONS = (
					"DEBUG=1",
					"$(inherited)",
				);
				GCC_WARN_64_TO_32_BIT_CONVERSION = YES;
				GCC_WARN_ABOUT_RETURN_TYPE = YES;
				GCC_WARN_UNDECLARED_SELECTOR = YES;
				GCC_WARN_UNINITIALIZED_AUTOS = YES;
				GCC_WARN_UNUSED_FUNCTION = YES;
				GCC_WARN_UNUSED_VARIABLE = YES;
				MTL_ENABLE_DEBUG_INFO = INCLUDE_SOURCE;
				MTL_FAST_MATH = YES;
				ONLY_ACTIVE_ARCH = YES;
				STRING_CATALOG_GENERATE_SYMBOLS = YES;
				SWIFT_ACTIVE_COMPILATION_CONDITIONS = DEBUG;
			};
			name = Debug;
		};
		PROJ_BC_RELEASE /* Release */ = {
			isa = XCBuildConfiguration;
			buildSettings = {
				ALWAYS_SEARCH_USER_PATHS = NO;
				CLANG_ENABLE_MODULES = YES;
				CLANG_ENABLE_OBJC_ARC = YES;
				CLANG_WARN_BLOCK_CAPTURE_AUTORELEASING = YES;
				CLANG_WARN_BOOL_CONVERSION = YES;
				CLANG_WARN_COMMA = YES;
				CLANG_WARN_CONSTANT_CONVERSION = YES;
				CLANG_WARN_DEPRECATED_OBJC_IMPLEMENTATIONS = YES;
				CLANG_WARN_EMPTY_BODY = YES;
				CLANG_WARN_ENUM_CONVERSION = YES;
				CLANG_WARN_INFINITE_RECURSION = YES;
				CLANG_WARN_INT_CONVERSION = YES;
				CLANG_WARN_NON_LITERAL_NULL_CONVERSION = YES;
				CLANG_WARN_OBJC_IMPLICIT_RETAIN_SELF = YES;
				CLANG_WARN_OBJC_LITERAL_CONVERSION = YES;
				CLANG_WARN_QUOTED_INCLUDE_IN_FRAMEWORK_HEADER = YES;
				CLANG_WARN_RANGE_LOOP_ANALYSIS = YES;
				CLANG_WARN_STRICT_PROTOTYPES = YES;
				CLANG_WARN_SUSPICIOUS_MOVE = YES;
				CLANG_WARN_UNREACHABLE_CODE = YES;
				CLANG_WARN__DUPLICATE_METHOD_MATCH = YES;
				COPY_PHASE_STRIP = NO;
				DEAD_CODE_STRIPPING = YES;
				DEBUG_INFORMATION_FORMAT = "dwarf-with-dsym";
				DEVELOPMENT_TEAM = QEJ2Z74RY9;
				ENABLE_NS_ASSERTIONS = NO;
				ENABLE_STRICT_OBJC_MSGSEND = YES;
				ENABLE_USER_SCRIPT_SANDBOXING = NO;
				GCC_C_LANGUAGE_STANDARD = gnu11;
				GCC_NO_COMMON_BLOCKS = YES;
				GCC_WARN_64_TO_32_BIT_CONVERSION = YES;
				GCC_WARN_ABOUT_RETURN_TYPE = YES;
				GCC_WARN_UNDECLARED_SELECTOR = YES;
				GCC_WARN_UNINITIALIZED_AUTOS = YES;
				GCC_WARN_UNUSED_FUNCTION = YES;
				GCC_WARN_UNUSED_VARIABLE = YES;
				MTL_ENABLE_DEBUG_INFO = NO;
				MTL_FAST_MATH = YES;
				STRING_CATALOG_GENERATE_SYMBOLS = YES;
				SWIFT_COMPILATION_MODE = wholemodule;
			};
			name = Release;
		};
/* End XCBuildConfiguration section */

/* Begin XCConfigurationList section */
		C_BCL /* Build configuration list for PBXNativeTarget "ScriviApp" */ = {
			isa = XCConfigurationList;
			buildConfigurations = (
				C_BC_DEBUG /* Debug */,
				C_BC_RELEASE /* Release */,
			);
			defaultConfigurationIsVisible = 0;
			defaultConfigurationName = Release;
		};
		D_BCL /* Build configuration list for PBXNativeTarget "ScriviApp-iOS" */ = {
			isa = XCConfigurationList;
			buildConfigurations = (
				D_BC_DEBUG /* Debug */,
				D_BC_RELEASE /* Release */,
			);
			defaultConfigurationIsVisible = 0;
			defaultConfigurationName = Release;
		};
		E_BCL /* Build configuration list for PBXNativeTarget "ScriviApp-visionOS" */ = {
			isa = XCConfigurationList;
			buildConfigurations = (
				E_BC_DEBUG /* Debug */,
				E_BC_RELEASE /* Release */,
			);
			defaultConfigurationIsVisible = 0;
			defaultConfigurationName = Release;
		};
		F_BCL /* Build configuration list for PBXNativeTarget "ScriviInteropTests" */ = {
			isa = XCConfigurationList;
			buildConfigurations = (
				F_BC_DEBUG /* Debug */,
				F_BC_RELEASE /* Release */,
			);
			defaultConfigurationIsVisible = 0;
			defaultConfigurationName = Release;
		};
		PROJ_BCL /* Build configuration list for PBXProject "Scrivi" */ = {
			isa = XCConfigurationList;
			buildConfigurations = (
				PROJ_BC_DEBUG /* Debug */,
				PROJ_BC_RELEASE /* Release */,
			);
			defaultConfigurationIsVisible = 0;
			defaultConfigurationName = Release;
		};
/* End XCConfigurationList section */
	};
	rootObject = PROJECT /* Project object */;
}
